// !$*UTF8*$!
{
	archiveVersion = 1;
	classes = {
	};
	objectVersion = 46;
	objects = {

/* Begin PBXBuildFile section */
		11AD0B39BEC3CB8BD36DDF56 /* Pods_Runglish_iOSTests.framework in Frameworks */ = {isa = PBXBuildFile; fileRef = 5534349743802A882D44D455 /* Pods_Runglish_iOSTests.framework */; };
		1EBB9E6BE2C9FD5A8AFEB39D /* Pods_Runglish_macOSTests.framework in Frameworks */ = {isa = PBXBuildFile; fileRef = E6689E0C6546B08182BE91A9 /* Pods_Runglish_macOSTests.framework */; };
		48EFB671618FFEDEAFF7B661 /* Pods_Runglish_iOS.framework in Frameworks */ = {isa = PBXBuildFile; fileRef = DE0042C0688C17C307766EEB /* Pods_Runglish_iOS.framework */; };
		9B501001336455B4A2924116 /* Pods_Runglish_tvOSTests.framework in Frameworks */ = {isa = PBXBuildFile; fileRef = 731DE7E12168DDD8368D1D33 /* Pods_Runglish_tvOSTests.framework */; };
		A7E7CB60DAAB0E446A15B3AD /* Pods_Runglish_macOS.framework in Frameworks */ = {isa = PBXBuildFile; fileRef = 96E9199530EBD60517249E34 /* Pods_Runglish_macOS.framework */; };
		B10CFB0DB6F71BF93A6E3973 /* Pods_Runglish_tvOS.framework in Frameworks */ = {isa = PBXBuildFile; fileRef = 27C78DB752320F5B91D15692 /* Pods_Runglish_tvOS.framework */; };
		FAA124321FA3941400CA1DE2 /* Runglish_macOS.framework in Frameworks */ = {isa = PBXBuildFile; fileRef = FAA124291FA3941400CA1DE2 /* Runglish_macOS.framework */; };
		FAA124371FA3941400CA1DE2 /* Runglish_macOSTests.swift in Sources */ = {isa = PBXBuildFile; fileRef = FAA124361FA3941400CA1DE2 /* Runglish_macOSTests.swift */; };
		FAA124391FA3941400CA1DE2 /* Runglish_macOS.h in Headers */ = {isa = PBXBuildFile; fileRef = FAA1242B1FA3941400CA1DE2 /* Runglish_macOS.h */; settings = {ATTRIBUTES = (Public, ); }; };
		FAA124401FA3944700CA1DE2 /* Converter.swift in Sources */ = {isa = PBXBuildFile; fileRef = OBJ_9 /* Converter.swift */; };
		FAA124411FA3944700CA1DE2 /* LatToRusConverter.swift in Sources */ = {isa = PBXBuildFile; fileRef = OBJ_10 /* LatToRusConverter.swift */; };
		FAA124421FA3944700CA1DE2 /* RusToLatConverter.swift in Sources */ = {isa = PBXBuildFile; fileRef = OBJ_11 /* RusToLatConverter.swift */; };
		FAC4A94D1F7C251900C37CE2 /* Runglish_iOS.framework in Frameworks */ = {isa = PBXBuildFile; fileRef = FAC4A9441F7C251800C37CE2 /* Runglish_iOS.framework */; };
		FAC4A9521F7C251900C37CE2 /* Runglish_iOSTests.swift in Sources */ = {isa = PBXBuildFile; fileRef = FAC4A9511F7C251900C37CE2 /* Runglish_iOSTests.swift */; };
		FAC4A9541F7C251900C37CE2 /* Runglish_iOS.h in Headers */ = {isa = PBXBuildFile; fileRef = FAC4A9461F7C251800C37CE2 /* Runglish_iOS.h */; settings = {ATTRIBUTES = (Public, ); }; };
		FAC4A9691F7C259300C37CE2 /* Runglish_tvOS.framework in Frameworks */ = {isa = PBXBuildFile; fileRef = FAC4A9601F7C259300C37CE2 /* Runglish_tvOS.framework */; };
		FAC4A96E1F7C259300C37CE2 /* Runglish_tvOSTests.swift in Sources */ = {isa = PBXBuildFile; fileRef = FAC4A96D1F7C259300C37CE2 /* Runglish_tvOSTests.swift */; };
		FAC4A9701F7C259300C37CE2 /* Runglish_tvOS.h in Headers */ = {isa = PBXBuildFile; fileRef = FAC4A9621F7C259300C37CE2 /* Runglish_tvOS.h */; settings = {ATTRIBUTES = (Public, ); }; };
		FAC4A9771F7C272E00C37CE2 /* Converter.swift in Sources */ = {isa = PBXBuildFile; fileRef = OBJ_9 /* Converter.swift */; };
		FAC4A9781F7C272E00C37CE2 /* LatToRusConverter.swift in Sources */ = {isa = PBXBuildFile; fileRef = OBJ_10 /* LatToRusConverter.swift */; };
		FAC4A9791F7C272E00C37CE2 /* RusToLatConverter.swift in Sources */ = {isa = PBXBuildFile; fileRef = OBJ_11 /* RusToLatConverter.swift */; };
		FAC4A97A1F7C273100C37CE2 /* Converter.swift in Sources */ = {isa = PBXBuildFile; fileRef = OBJ_9 /* Converter.swift */; };
		FAC4A97B1F7C273100C37CE2 /* LatToRusConverter.swift in Sources */ = {isa = PBXBuildFile; fileRef = OBJ_10 /* LatToRusConverter.swift */; };
		FAC4A97C1F7C273100C37CE2 /* RusToLatConverter.swift in Sources */ = {isa = PBXBuildFile; fileRef = OBJ_11 /* RusToLatConverter.swift */; };
		FAC4A97D1F7C273C00C37CE2 /* LatToRusConverterTests.swift in Sources */ = {isa = PBXBuildFile; fileRef = OBJ_14 /* LatToRusConverterTests.swift */; };
		FAC4A97E1F7C273C00C37CE2 /* RusToLatConverterTests.swift in Sources */ = {isa = PBXBuildFile; fileRef = OBJ_15 /* RusToLatConverterTests.swift */; };
		FAC4A97F1F7C273D00C37CE2 /* LatToRusConverterTests.swift in Sources */ = {isa = PBXBuildFile; fileRef = OBJ_14 /* LatToRusConverterTests.swift */; };
		FAC4A9801F7C273D00C37CE2 /* RusToLatConverterTests.swift in Sources */ = {isa = PBXBuildFile; fileRef = OBJ_15 /* RusToLatConverterTests.swift */; };
		OBJ_24 /* Converter.swift in Sources */ = {isa = PBXBuildFile; fileRef = OBJ_9 /* Converter.swift */; };
		OBJ_25 /* LatToRusConverter.swift in Sources */ = {isa = PBXBuildFile; fileRef = OBJ_10 /* LatToRusConverter.swift */; };
		OBJ_26 /* RusToLatConverter.swift in Sources */ = {isa = PBXBuildFile; fileRef = OBJ_11 /* RusToLatConverter.swift */; };
		OBJ_33 /* LatToRusConverterTests.swift in Sources */ = {isa = PBXBuildFile; fileRef = OBJ_14 /* LatToRusConverterTests.swift */; };
		OBJ_34 /* RusToLatConverterTests.swift in Sources */ = {isa = PBXBuildFile; fileRef = OBJ_15 /* RusToLatConverterTests.swift */; };
		OBJ_36 /* Runglish.framework in Frameworks */ = {isa = PBXBuildFile; fileRef = OBJ_17 /* Runglish.framework */; };
/* End PBXBuildFile section */

/* Begin PBXContainerItemProxy section */
		FAA124331FA3941400CA1DE2 /* PBXContainerItemProxy */ = {
			isa = PBXContainerItemProxy;
			containerPortal = OBJ_1 /* Project object */;
			proxyType = 1;
			remoteGlobalIDString = FAA124281FA3941400CA1DE2;
			remoteInfo = Runglish_macOS;
		};
		FAC4A94E1F7C251900C37CE2 /* PBXContainerItemProxy */ = {
			isa = PBXContainerItemProxy;
			containerPortal = OBJ_1 /* Project object */;
			proxyType = 1;
			remoteGlobalIDString = FAC4A9431F7C251800C37CE2;
			remoteInfo = Runglish_iOS;
		};
		FAC4A96A1F7C259300C37CE2 /* PBXContainerItemProxy */ = {
			isa = PBXContainerItemProxy;
			containerPortal = OBJ_1 /* Project object */;
			proxyType = 1;
			remoteGlobalIDString = FAC4A95F1F7C259300C37CE2;
			remoteInfo = Runglish_tvOS;
		};
		FAF8C94F1E5FC48E00D03732 /* PBXContainerItemProxy */ = {
			isa = PBXContainerItemProxy;
			containerPortal = OBJ_1 /* Project object */;
			proxyType = 1;
			remoteGlobalIDString = OBJ_19;
			remoteInfo = Runglish;
		};
/* End PBXContainerItemProxy section */

/* Begin PBXFileReference section */
		0E9F9A238C2F211A1362345F /* Pods-Runglish_tvOSTests.release.xcconfig */ = {isa = PBXFileReference; includeInIndex = 1; lastKnownFileType = text.xcconfig; name = "Pods-Runglish_tvOSTests.release.xcconfig"; path = "Pods/Target Support Files/Pods-Runglish_tvOSTests/Pods-Runglish_tvOSTests.release.xcconfig"; sourceTree = "<group>"; };
		27C78DB752320F5B91D15692 /* Pods_Runglish_tvOS.framework */ = {isa = PBXFileReference; explicitFileType = wrapper.framework; includeInIndex = 0; path = Pods_Runglish_tvOS.framework; sourceTree = BUILT_PRODUCTS_DIR; };
		36728AC67F08DBDFACA04572 /* Pods-Runglish_iOS.debug.xcconfig */ = {isa = PBXFileReference; includeInIndex = 1; lastKnownFileType = text.xcconfig; name = "Pods-Runglish_iOS.debug.xcconfig"; path = "Pods/Target Support Files/Pods-Runglish_iOS/Pods-Runglish_iOS.debug.xcconfig"; sourceTree = "<group>"; };
		3B26F6E878361589B6FD2B09 /* Pods-Runglish_tvOSTests.debug.xcconfig */ = {isa = PBXFileReference; includeInIndex = 1; lastKnownFileType = text.xcconfig; name = "Pods-Runglish_tvOSTests.debug.xcconfig"; path = "Pods/Target Support Files/Pods-Runglish_tvOSTests/Pods-Runglish_tvOSTests.debug.xcconfig"; sourceTree = "<group>"; };
		487FEE2F0C95807A9BDED0E2 /* Pods-Runglish_tvOS.debug.xcconfig */ = {isa = PBXFileReference; includeInIndex = 1; lastKnownFileType = text.xcconfig; name = "Pods-Runglish_tvOS.debug.xcconfig"; path = "Pods/Target Support Files/Pods-Runglish_tvOS/Pods-Runglish_tvOS.debug.xcconfig"; sourceTree = "<group>"; };
		5534349743802A882D44D455 /* Pods_Runglish_iOSTests.framework */ = {isa = PBXFileReference; explicitFileType = wrapper.framework; includeInIndex = 0; path = Pods_Runglish_iOSTests.framework; sourceTree = BUILT_PRODUCTS_DIR; };
		731DE7E12168DDD8368D1D33 /* Pods_Runglish_tvOSTests.framework */ = {isa = PBXFileReference; explicitFileType = wrapper.framework; includeInIndex = 0; path = Pods_Runglish_tvOSTests.framework; sourceTree = BUILT_PRODUCTS_DIR; };
		789E0D25419DA111DD1C8A00 /* Pods-Runglish_tvOS.release.xcconfig */ = {isa = PBXFileReference; includeInIndex = 1; lastKnownFileType = text.xcconfig; name = "Pods-Runglish_tvOS.release.xcconfig"; path = "Pods/Target Support Files/Pods-Runglish_tvOS/Pods-Runglish_tvOS.release.xcconfig"; sourceTree = "<group>"; };
		82EF340259C6B1E7F570420E /* Pods-Runglish_iOS.release.xcconfig */ = {isa = PBXFileReference; includeInIndex = 1; lastKnownFileType = text.xcconfig; name = "Pods-Runglish_iOS.release.xcconfig"; path = "Pods/Target Support Files/Pods-Runglish_iOS/Pods-Runglish_iOS.release.xcconfig"; sourceTree = "<group>"; };
		96E9199530EBD60517249E34 /* Pods_Runglish_macOS.framework */ = {isa = PBXFileReference; explicitFileType = wrapper.framework; includeInIndex = 0; path = Pods_Runglish_macOS.framework; sourceTree = BUILT_PRODUCTS_DIR; };
		9F7C118EE8DD89C2AFB7CBBF /* Pods-Runglish_macOS.release.xcconfig */ = {isa = PBXFileReference; includeInIndex = 1; lastKnownFileType = text.xcconfig; name = "Pods-Runglish_macOS.release.xcconfig"; path = "Pods/Target Support Files/Pods-Runglish_macOS/Pods-Runglish_macOS.release.xcconfig"; sourceTree = "<group>"; };
		DE0042C0688C17C307766EEB /* Pods_Runglish_iOS.framework */ = {isa = PBXFileReference; explicitFileType = wrapper.framework; includeInIndex = 0; path = Pods_Runglish_iOS.framework; sourceTree = BUILT_PRODUCTS_DIR; };
		E218798B42F775C661A1CCFB /* Pods-Runglish_iOSTests.release.xcconfig */ = {isa = PBXFileReference; includeInIndex = 1; lastKnownFileType = text.xcconfig; name = "Pods-Runglish_iOSTests.release.xcconfig"; path = "Pods/Target Support Files/Pods-Runglish_iOSTests/Pods-Runglish_iOSTests.release.xcconfig"; sourceTree = "<group>"; };
		E6689E0C6546B08182BE91A9 /* Pods_Runglish_macOSTests.framework */ = {isa = PBXFileReference; explicitFileType = wrapper.framework; includeInIndex = 0; path = Pods_Runglish_macOSTests.framework; sourceTree = BUILT_PRODUCTS_DIR; };
		EDBE76513FF33ECFC09FAFB1 /* Pods-Runglish_macOSTests.release.xcconfig */ = {isa = PBXFileReference; includeInIndex = 1; lastKnownFileType = text.xcconfig; name = "Pods-Runglish_macOSTests.release.xcconfig"; path = "Pods/Target Support Files/Pods-Runglish_macOSTests/Pods-Runglish_macOSTests.release.xcconfig"; sourceTree = "<group>"; };
		EDDCE8005D7C0C6B9E8A05DB /* Pods-Runglish_macOSTests.debug.xcconfig */ = {isa = PBXFileReference; includeInIndex = 1; lastKnownFileType = text.xcconfig; name = "Pods-Runglish_macOSTests.debug.xcconfig"; path = "Pods/Target Support Files/Pods-Runglish_macOSTests/Pods-Runglish_macOSTests.debug.xcconfig"; sourceTree = "<group>"; };
		F686E436DF5432DCF2991813 /* Pods-Runglish_macOS.debug.xcconfig */ = {isa = PBXFileReference; includeInIndex = 1; lastKnownFileType = text.xcconfig; name = "Pods-Runglish_macOS.debug.xcconfig"; path = "Pods/Target Support Files/Pods-Runglish_macOS/Pods-Runglish_macOS.debug.xcconfig"; sourceTree = "<group>"; };
		FAA1240F1FA3937700CA1DE2 /* Runglis_macOS.h */ = {isa = PBXFileReference; lastKnownFileType = sourcecode.c.h; path = Runglis_macOS.h; sourceTree = "<group>"; };
		FAA124101FA3937700CA1DE2 /* Info.plist */ = {isa = PBXFileReference; lastKnownFileType = text.plist.xml; path = Info.plist; sourceTree = "<group>"; };
		FAA1241A1FA3937700CA1DE2 /* Runglis_macOSTests.swift */ = {isa = PBXFileReference; lastKnownFileType = sourcecode.swift; path = Runglis_macOSTests.swift; sourceTree = "<group>"; };
		FAA1241C1FA3937700CA1DE2 /* Info.plist */ = {isa = PBXFileReference; lastKnownFileType = text.plist.xml; path = Info.plist; sourceTree = "<group>"; };
		FAA124291FA3941400CA1DE2 /* Runglish_macOS.framework */ = {isa = PBXFileReference; explicitFileType = wrapper.framework; includeInIndex = 0; path = Runglish_macOS.framework; sourceTree = BUILT_PRODUCTS_DIR; };
		FAA1242B1FA3941400CA1DE2 /* Runglish_macOS.h */ = {isa = PBXFileReference; lastKnownFileType = sourcecode.c.h; path = Runglish_macOS.h; sourceTree = "<group>"; };
		FAA1242C1FA3941400CA1DE2 /* Info.plist */ = {isa = PBXFileReference; lastKnownFileType = text.plist.xml; path = Info.plist; sourceTree = "<group>"; };
		FAA124311FA3941400CA1DE2 /* Runglish_macOSTests.xctest */ = {isa = PBXFileReference; explicitFileType = wrapper.cfbundle; includeInIndex = 0; path = Runglish_macOSTests.xctest; sourceTree = BUILT_PRODUCTS_DIR; };
		FAA124361FA3941400CA1DE2 /* Runglish_macOSTests.swift */ = {isa = PBXFileReference; lastKnownFileType = sourcecode.swift; path = Runglish_macOSTests.swift; sourceTree = "<group>"; };
		FAA124381FA3941400CA1DE2 /* Info.plist */ = {isa = PBXFileReference; lastKnownFileType = text.plist.xml; path = Info.plist; sourceTree = "<group>"; };
		FAC4A9441F7C251800C37CE2 /* Runglish_iOS.framework */ = {isa = PBXFileReference; explicitFileType = wrapper.framework; includeInIndex = 0; path = Runglish_iOS.framework; sourceTree = BUILT_PRODUCTS_DIR; };
		FAC4A9461F7C251800C37CE2 /* Runglish_iOS.h */ = {isa = PBXFileReference; lastKnownFileType = sourcecode.c.h; path = Runglish_iOS.h; sourceTree = "<group>"; };
		FAC4A9471F7C251800C37CE2 /* Info.plist */ = {isa = PBXFileReference; lastKnownFileType = text.plist.xml; path = Info.plist; sourceTree = "<group>"; };
		FAC4A94C1F7C251900C37CE2 /* Runglish_iOSTests.xctest */ = {isa = PBXFileReference; explicitFileType = wrapper.cfbundle; includeInIndex = 0; path = Runglish_iOSTests.xctest; sourceTree = BUILT_PRODUCTS_DIR; };
		FAC4A9511F7C251900C37CE2 /* Runglish_iOSTests.swift */ = {isa = PBXFileReference; lastKnownFileType = sourcecode.swift; path = Runglish_iOSTests.swift; sourceTree = "<group>"; };
		FAC4A9531F7C251900C37CE2 /* Info.plist */ = {isa = PBXFileReference; lastKnownFileType = text.plist.xml; path = Info.plist; sourceTree = "<group>"; };
		FAC4A9601F7C259300C37CE2 /* Runglish_tvOS.framework */ = {isa = PBXFileReference; explicitFileType = wrapper.framework; includeInIndex = 0; path = Runglish_tvOS.framework; sourceTree = BUILT_PRODUCTS_DIR; };
		FAC4A9621F7C259300C37CE2 /* Runglish_tvOS.h */ = {isa = PBXFileReference; lastKnownFileType = sourcecode.c.h; path = Runglish_tvOS.h; sourceTree = "<group>"; };
		FAC4A9631F7C259300C37CE2 /* Info.plist */ = {isa = PBXFileReference; lastKnownFileType = text.plist.xml; path = Info.plist; sourceTree = "<group>"; };
		FAC4A9681F7C259300C37CE2 /* Runglish_tvOSTests.xctest */ = {isa = PBXFileReference; explicitFileType = wrapper.cfbundle; includeInIndex = 0; path = Runglish_tvOSTests.xctest; sourceTree = BUILT_PRODUCTS_DIR; };
		FAC4A96D1F7C259300C37CE2 /* Runglish_tvOSTests.swift */ = {isa = PBXFileReference; lastKnownFileType = sourcecode.swift; path = Runglish_tvOSTests.swift; sourceTree = "<group>"; };
		FAC4A96F1F7C259300C37CE2 /* Info.plist */ = {isa = PBXFileReference; lastKnownFileType = text.plist.xml; path = Info.plist; sourceTree = "<group>"; };
		FC150C0DB30EA9635D1D1505 /* Pods-Runglish_iOSTests.debug.xcconfig */ = {isa = PBXFileReference; includeInIndex = 1; lastKnownFileType = text.xcconfig; name = "Pods-Runglish_iOSTests.debug.xcconfig"; path = "Pods/Target Support Files/Pods-Runglish_iOSTests/Pods-Runglish_iOSTests.debug.xcconfig"; sourceTree = "<group>"; };
		OBJ_10 /* LatToRusConverter.swift */ = {isa = PBXFileReference; lastKnownFileType = sourcecode.swift; path = LatToRusConverter.swift; sourceTree = "<group>"; };
		OBJ_11 /* RusToLatConverter.swift */ = {isa = PBXFileReference; lastKnownFileType = sourcecode.swift; path = RusToLatConverter.swift; sourceTree = "<group>"; };
		OBJ_14 /* LatToRusConverterTests.swift */ = {isa = PBXFileReference; lastKnownFileType = sourcecode.swift; path = LatToRusConverterTests.swift; sourceTree = "<group>"; };
		OBJ_15 /* RusToLatConverterTests.swift */ = {isa = PBXFileReference; lastKnownFileType = sourcecode.swift; path = RusToLatConverterTests.swift; sourceTree = "<group>"; };
		OBJ_17 /* Runglish.framework */ = {isa = PBXFileReference; explicitFileType = wrapper.framework; path = Runglish.framework; sourceTree = BUILT_PRODUCTS_DIR; };
		OBJ_18 /* RunglishTests.xctest */ = {isa = PBXFileReference; explicitFileType = wrapper.cfbundle; path = RunglishTests.xctest; sourceTree = BUILT_PRODUCTS_DIR; };
		OBJ_9 /* Converter.swift */ = {isa = PBXFileReference; lastKnownFileType = sourcecode.swift; path = Converter.swift; sourceTree = "<group>"; };
/* End PBXFileReference section */

/* Begin PBXFrameworksBuildPhase section */
		FAA124251FA3941400CA1DE2 /* Frameworks */ = {
			isa = PBXFrameworksBuildPhase;
			buildActionMask = 2147483647;
			files = (
				A7E7CB60DAAB0E446A15B3AD /* Pods_Runglish_macOS.framework in Frameworks */,
			);
			runOnlyForDeploymentPostprocessing = 0;
		};
		FAA1242E1FA3941400CA1DE2 /* Frameworks */ = {
			isa = PBXFrameworksBuildPhase;
			buildActionMask = 2147483647;
			files = (
				FAA124321FA3941400CA1DE2 /* Runglish_macOS.framework in Frameworks */,
				1EBB9E6BE2C9FD5A8AFEB39D /* Pods_Runglish_macOSTests.framework in Frameworks */,
			);
			runOnlyForDeploymentPostprocessing = 0;
		};
		FAC4A9401F7C251800C37CE2 /* Frameworks */ = {
			isa = PBXFrameworksBuildPhase;
			buildActionMask = 2147483647;
			files = (
				48EFB671618FFEDEAFF7B661 /* Pods_Runglish_iOS.framework in Frameworks */,
			);
			runOnlyForDeploymentPostprocessing = 0;
		};
		FAC4A9491F7C251900C37CE2 /* Frameworks */ = {
			isa = PBXFrameworksBuildPhase;
			buildActionMask = 2147483647;
			files = (
				FAC4A94D1F7C251900C37CE2 /* Runglish_iOS.framework in Frameworks */,
				11AD0B39BEC3CB8BD36DDF56 /* Pods_Runglish_iOSTests.framework in Frameworks */,
			);
			runOnlyForDeploymentPostprocessing = 0;
		};
		FAC4A95C1F7C259300C37CE2 /* Frameworks */ = {
			isa = PBXFrameworksBuildPhase;
			buildActionMask = 2147483647;
			files = (
				B10CFB0DB6F71BF93A6E3973 /* Pods_Runglish_tvOS.framework in Frameworks */,
			);
			runOnlyForDeploymentPostprocessing = 0;
		};
		FAC4A9651F7C259300C37CE2 /* Frameworks */ = {
			isa = PBXFrameworksBuildPhase;
			buildActionMask = 2147483647;
			files = (
				FAC4A9691F7C259300C37CE2 /* Runglish_tvOS.framework in Frameworks */,
				9B501001336455B4A2924116 /* Pods_Runglish_tvOSTests.framework in Frameworks */,
			);
			runOnlyForDeploymentPostprocessing = 0;
		};
		OBJ_27 /* Frameworks */ = {
			isa = PBXFrameworksBuildPhase;
			buildActionMask = 0;
			files = (
			);
			runOnlyForDeploymentPostprocessing = 0;
		};
		OBJ_35 /* Frameworks */ = {
			isa = PBXFrameworksBuildPhase;
			buildActionMask = 0;
			files = (
				OBJ_36 /* Runglish.framework in Frameworks */,
			);
			runOnlyForDeploymentPostprocessing = 0;
		};
/* End PBXFrameworksBuildPhase section */

/* Begin PBXGroup section */
		97747C8B79698692EB799014 /* Pods */ = {
			isa = PBXGroup;
			children = (
				36728AC67F08DBDFACA04572 /* Pods-Runglish_iOS.debug.xcconfig */,
				82EF340259C6B1E7F570420E /* Pods-Runglish_iOS.release.xcconfig */,
				FC150C0DB30EA9635D1D1505 /* Pods-Runglish_iOSTests.debug.xcconfig */,
				E218798B42F775C661A1CCFB /* Pods-Runglish_iOSTests.release.xcconfig */,
				487FEE2F0C95807A9BDED0E2 /* Pods-Runglish_tvOS.debug.xcconfig */,
				789E0D25419DA111DD1C8A00 /* Pods-Runglish_tvOS.release.xcconfig */,
				3B26F6E878361589B6FD2B09 /* Pods-Runglish_tvOSTests.debug.xcconfig */,
				0E9F9A238C2F211A1362345F /* Pods-Runglish_tvOSTests.release.xcconfig */,
				F686E436DF5432DCF2991813 /* Pods-Runglish_macOS.debug.xcconfig */,
				9F7C118EE8DD89C2AFB7CBBF /* Pods-Runglish_macOS.release.xcconfig */,
				EDDCE8005D7C0C6B9E8A05DB /* Pods-Runglish_macOSTests.debug.xcconfig */,
				EDBE76513FF33ECFC09FAFB1 /* Pods-Runglish_macOSTests.release.xcconfig */,
			);
			name = Pods;
			sourceTree = "<group>";
		};
		E149BC876ACDEB19983955AA /* Frameworks */ = {
			isa = PBXGroup;
			children = (
				DE0042C0688C17C307766EEB /* Pods_Runglish_iOS.framework */,
				5534349743802A882D44D455 /* Pods_Runglish_iOSTests.framework */,
				27C78DB752320F5B91D15692 /* Pods_Runglish_tvOS.framework */,
				731DE7E12168DDD8368D1D33 /* Pods_Runglish_tvOSTests.framework */,
				96E9199530EBD60517249E34 /* Pods_Runglish_macOS.framework */,
				E6689E0C6546B08182BE91A9 /* Pods_Runglish_macOSTests.framework */,
			);
			name = Frameworks;
			sourceTree = "<group>";
		};
		FAA1240E1FA3937700CA1DE2 /* Runglis_macOS */ = {
			isa = PBXGroup;
			children = (
				FAA1240F1FA3937700CA1DE2 /* Runglis_macOS.h */,
				FAA124101FA3937700CA1DE2 /* Info.plist */,
			);
			path = Runglis_macOS;
			sourceTree = "<group>";
		};
		FAA124191FA3937700CA1DE2 /* Runglis_macOSTests */ = {
			isa = PBXGroup;
			children = (
				FAA1241A1FA3937700CA1DE2 /* Runglis_macOSTests.swift */,
				FAA1241C1FA3937700CA1DE2 /* Info.plist */,
			);
			path = Runglis_macOSTests;
			sourceTree = "<group>";
		};
		FAA1242A1FA3941400CA1DE2 /* Runglish_macOS */ = {
			isa = PBXGroup;
			children = (
				FAA1242B1FA3941400CA1DE2 /* Runglish_macOS.h */,
				FAA1242C1FA3941400CA1DE2 /* Info.plist */,
			);
			path = Runglish_macOS;
			sourceTree = "<group>";
		};
		FAA124351FA3941400CA1DE2 /* Runglish_macOSTests */ = {
			isa = PBXGroup;
			children = (
				FAA124361FA3941400CA1DE2 /* Runglish_macOSTests.swift */,
				FAA124381FA3941400CA1DE2 /* Info.plist */,
			);
			path = Runglish_macOSTests;
			sourceTree = "<group>";
		};
		FAC4A9451F7C251800C37CE2 /* Runglish_iOS */ = {
			isa = PBXGroup;
			children = (
				FAC4A9461F7C251800C37CE2 /* Runglish_iOS.h */,
				FAC4A9471F7C251800C37CE2 /* Info.plist */,
			);
			path = Runglish_iOS;
			sourceTree = "<group>";
		};
		FAC4A9501F7C251900C37CE2 /* Runglish_iOSTests */ = {
			isa = PBXGroup;
			children = (
				FAC4A9511F7C251900C37CE2 /* Runglish_iOSTests.swift */,
				FAC4A9531F7C251900C37CE2 /* Info.plist */,
			);
			path = Runglish_iOSTests;
			sourceTree = "<group>";
		};
		FAC4A9611F7C259300C37CE2 /* Runglish_tvOS */ = {
			isa = PBXGroup;
			children = (
				FAC4A9621F7C259300C37CE2 /* Runglish_tvOS.h */,
				FAC4A9631F7C259300C37CE2 /* Info.plist */,
			);
			path = Runglish_tvOS;
			sourceTree = "<group>";
		};
		FAC4A96C1F7C259300C37CE2 /* Runglish_tvOSTests */ = {
			isa = PBXGroup;
			children = (
				FAC4A96D1F7C259300C37CE2 /* Runglish_tvOSTests.swift */,
				FAC4A96F1F7C259300C37CE2 /* Info.plist */,
			);
			path = Runglish_tvOSTests;
			sourceTree = "<group>";
		};
		OBJ_12 /* Tests */ = {
			isa = PBXGroup;
			children = (
				OBJ_13 /* RunglishTests */,
			);
			path = Tests;
			sourceTree = "<group>";
		};
		OBJ_13 /* RunglishTests */ = {
			isa = PBXGroup;
			children = (
				OBJ_14 /* LatToRusConverterTests.swift */,
				OBJ_15 /* RusToLatConverterTests.swift */,
			);
			name = RunglishTests;
			path = Tests/RunglishTests;
			sourceTree = SOURCE_ROOT;
		};
		OBJ_16 /* Products */ = {
			isa = PBXGroup;
			children = (
				OBJ_17 /* Runglish.framework */,
				OBJ_18 /* RunglishTests.xctest */,
				FAC4A9441F7C251800C37CE2 /* Runglish_iOS.framework */,
				FAC4A94C1F7C251900C37CE2 /* Runglish_iOSTests.xctest */,
				FAC4A9601F7C259300C37CE2 /* Runglish_tvOS.framework */,
				FAC4A9681F7C259300C37CE2 /* Runglish_tvOSTests.xctest */,
				FAA124291FA3941400CA1DE2 /* Runglish_macOS.framework */,
				FAA124311FA3941400CA1DE2 /* Runglish_macOSTests.xctest */,
			);
			name = Products;
			sourceTree = BUILT_PRODUCTS_DIR;
		};
		OBJ_5 = {
			isa = PBXGroup;
			children = (
				OBJ_7 /* Sources */,
				OBJ_12 /* Tests */,
				FAC4A9451F7C251800C37CE2 /* Runglish_iOS */,
				FAC4A9501F7C251900C37CE2 /* Runglish_iOSTests */,
				FAC4A9611F7C259300C37CE2 /* Runglish_tvOS */,
				FAC4A96C1F7C259300C37CE2 /* Runglish_tvOSTests */,
				FAA1240E1FA3937700CA1DE2 /* Runglis_macOS */,
				FAA124191FA3937700CA1DE2 /* Runglis_macOSTests */,
				FAA1242A1FA3941400CA1DE2 /* Runglish_macOS */,
				FAA124351FA3941400CA1DE2 /* Runglish_macOSTests */,
				OBJ_16 /* Products */,
				97747C8B79698692EB799014 /* Pods */,
				E149BC876ACDEB19983955AA /* Frameworks */,
			);
			sourceTree = "<group>";
		};
		OBJ_7 /* Sources */ = {
			isa = PBXGroup;
			children = (
				OBJ_8 /* Runglish */,
			);
			path = Sources;
			sourceTree = "<group>";
		};
		OBJ_8 /* Runglish */ = {
			isa = PBXGroup;
			children = (
				OBJ_9 /* Converter.swift */,
				OBJ_10 /* LatToRusConverter.swift */,
				OBJ_11 /* RusToLatConverter.swift */,
			);
			name = Runglish;
			path = Sources;
			sourceTree = SOURCE_ROOT;
		};
/* End PBXGroup section */

/* Begin PBXHeadersBuildPhase section */
		FAA124261FA3941400CA1DE2 /* Headers */ = {
			isa = PBXHeadersBuildPhase;
			buildActionMask = 2147483647;
			files = (
				FAA124391FA3941400CA1DE2 /* Runglish_macOS.h in Headers */,
			);
			runOnlyForDeploymentPostprocessing = 0;
		};
		FAC4A9411F7C251800C37CE2 /* Headers */ = {
			isa = PBXHeadersBuildPhase;
			buildActionMask = 2147483647;
			files = (
				FAC4A9541F7C251900C37CE2 /* Runglish_iOS.h in Headers */,
			);
			runOnlyForDeploymentPostprocessing = 0;
		};
		FAC4A95D1F7C259300C37CE2 /* Headers */ = {
			isa = PBXHeadersBuildPhase;
			buildActionMask = 2147483647;
			files = (
				FAC4A9701F7C259300C37CE2 /* Runglish_tvOS.h in Headers */,
			);
			runOnlyForDeploymentPostprocessing = 0;
		};
/* End PBXHeadersBuildPhase section */

/* Begin PBXNativeTarget section */
		FAA124281FA3941400CA1DE2 /* Runglish_macOS */ = {
			isa = PBXNativeTarget;
			buildConfigurationList = FAA1243A1FA3941400CA1DE2 /* Build configuration list for PBXNativeTarget "Runglish_macOS" */;
			buildPhases = (
				3579F6A6E51E118F7B4FBA29 /* [CP] Check Pods Manifest.lock */,
				FAA124241FA3941400CA1DE2 /* Sources */,
				FAA124251FA3941400CA1DE2 /* Frameworks */,
				FAA124261FA3941400CA1DE2 /* Headers */,
				FAA124271FA3941400CA1DE2 /* Resources */,
				A4940E2B16BC78406F652883 /* [CP] Copy Pods Resources */,
			);
			buildRules = (
			);
			dependencies = (
			);
			name = Runglish_macOS;
			productName = Runglish_macOS;
			productReference = FAA124291FA3941400CA1DE2 /* Runglish_macOS.framework */;
			productType = "com.apple.product-type.framework";
		};
		FAA124301FA3941400CA1DE2 /* Runglish_macOSTests */ = {
			isa = PBXNativeTarget;
			buildConfigurationList = FAA1243D1FA3941400CA1DE2 /* Build configuration list for PBXNativeTarget "Runglish_macOSTests" */;
			buildPhases = (
				B99179389AF94AC67238E9B1 /* [CP] Check Pods Manifest.lock */,
				FAA1242D1FA3941400CA1DE2 /* Sources */,
				FAA1242E1FA3941400CA1DE2 /* Frameworks */,
				FAA1242F1FA3941400CA1DE2 /* Resources */,
				BAB7C806261CBF8B9B4D6A30 /* [CP] Embed Pods Frameworks */,
				59A66A6B4026A31B9010DCE3 /* [CP] Copy Pods Resources */,
			);
			buildRules = (
			);
			dependencies = (
				FAA124341FA3941400CA1DE2 /* PBXTargetDependency */,
			);
			name = Runglish_macOSTests;
			productName = Runglish_macOSTests;
			productReference = FAA124311FA3941400CA1DE2 /* Runglish_macOSTests.xctest */;
			productType = "com.apple.product-type.bundle.unit-test";
		};
		FAC4A9431F7C251800C37CE2 /* Runglish_iOS */ = {
			isa = PBXNativeTarget;
			buildConfigurationList = FAC4A9591F7C251900C37CE2 /* Build configuration list for PBXNativeTarget "Runglish_iOS" */;
			buildPhases = (
				FDF6BDA6DE56B558DCB6AF35 /* [CP] Check Pods Manifest.lock */,
				FAC4A93F1F7C251800C37CE2 /* Sources */,
				FAC4A9401F7C251800C37CE2 /* Frameworks */,
				FAC4A9411F7C251800C37CE2 /* Headers */,
				FAC4A9421F7C251800C37CE2 /* Resources */,
				3E10F88EF8D7374B919BEB0C /* [CP] Copy Pods Resources */,
			);
			buildRules = (
			);
			dependencies = (
			);
			name = Runglish_iOS;
			productName = Runglish_iOS;
			productReference = FAC4A9441F7C251800C37CE2 /* Runglish_iOS.framework */;
			productType = "com.apple.product-type.framework";
		};
		FAC4A94B1F7C251900C37CE2 /* Runglish_iOSTests */ = {
			isa = PBXNativeTarget;
			buildConfigurationList = FAC4A95A1F7C251900C37CE2 /* Build configuration list for PBXNativeTarget "Runglish_iOSTests" */;
			buildPhases = (
				936D4809D70785B3CCF20BC5 /* [CP] Check Pods Manifest.lock */,
				FAC4A9481F7C251900C37CE2 /* Sources */,
				FAC4A9491F7C251900C37CE2 /* Frameworks */,
				FAC4A94A1F7C251900C37CE2 /* Resources */,
				ACA7386D3B82E4FB17A710F6 /* [CP] Embed Pods Frameworks */,
				E3FD4C6CE9FFC89E8883C843 /* [CP] Copy Pods Resources */,
			);
			buildRules = (
			);
			dependencies = (
				FAC4A94F1F7C251900C37CE2 /* PBXTargetDependency */,
			);
			name = Runglish_iOSTests;
			productName = Runglish_iOSTests;
			productReference = FAC4A94C1F7C251900C37CE2 /* Runglish_iOSTests.xctest */;
			productType = "com.apple.product-type.bundle.unit-test";
		};
		FAC4A95F1F7C259300C37CE2 /* Runglish_tvOS */ = {
			isa = PBXNativeTarget;
			buildConfigurationList = FAC4A9711F7C259300C37CE2 /* Build configuration list for PBXNativeTarget "Runglish_tvOS" */;
			buildPhases = (
				3CD4FA30A92E4BF9A46BE3F5 /* [CP] Check Pods Manifest.lock */,
				FAC4A95B1F7C259300C37CE2 /* Sources */,
				FAC4A95C1F7C259300C37CE2 /* Frameworks */,
				FAC4A95D1F7C259300C37CE2 /* Headers */,
				FAC4A95E1F7C259300C37CE2 /* Resources */,
				61980A59DFD09DDAE1E77CEE /* [CP] Copy Pods Resources */,
			);
			buildRules = (
			);
			dependencies = (
			);
			name = Runglish_tvOS;
			productName = Runglish_tvOS;
			productReference = FAC4A9601F7C259300C37CE2 /* Runglish_tvOS.framework */;
			productType = "com.apple.product-type.framework";
		};
		FAC4A9671F7C259300C37CE2 /* Runglish_tvOSTests */ = {
			isa = PBXNativeTarget;
			buildConfigurationList = FAC4A9741F7C259300C37CE2 /* Build configuration list for PBXNativeTarget "Runglish_tvOSTests" */;
			buildPhases = (
				5B9B546AC0F2F1C9D151CE50 /* [CP] Check Pods Manifest.lock */,
				FAC4A9641F7C259300C37CE2 /* Sources */,
				FAC4A9651F7C259300C37CE2 /* Frameworks */,
				FAC4A9661F7C259300C37CE2 /* Resources */,
				1905043D2CE35DD751B29094 /* [CP] Embed Pods Frameworks */,
				AB62E8C4FF7107C2674AA124 /* [CP] Copy Pods Resources */,
			);
			buildRules = (
			);
			dependencies = (
				FAC4A96B1F7C259300C37CE2 /* PBXTargetDependency */,
			);
			name = Runglish_tvOSTests;
			productName = Runglish_tvOSTests;
			productReference = FAC4A9681F7C259300C37CE2 /* Runglish_tvOSTests.xctest */;
			productType = "com.apple.product-type.bundle.unit-test";
		};
		OBJ_19 /* Runglish */ = {
			isa = PBXNativeTarget;
			buildConfigurationList = OBJ_20 /* Build configuration list for PBXNativeTarget "Runglish" */;
			buildPhases = (
				OBJ_23 /* Sources */,
				OBJ_27 /* Frameworks */,
			);
			buildRules = (
			);
			dependencies = (
			);
			name = Runglish;
			productName = Runglish;
			productReference = OBJ_17 /* Runglish.framework */;
			productType = "com.apple.product-type.framework";
		};
		OBJ_28 /* RunglishTests */ = {
			isa = PBXNativeTarget;
			buildConfigurationList = OBJ_29 /* Build configuration list for PBXNativeTarget "RunglishTests" */;
			buildPhases = (
				OBJ_32 /* Sources */,
				OBJ_35 /* Frameworks */,
			);
			buildRules = (
			);
			dependencies = (
				OBJ_37 /* PBXTargetDependency */,
			);
			name = RunglishTests;
			productName = RunglishTests;
			productReference = OBJ_18 /* RunglishTests.xctest */;
			productType = "com.apple.product-type.bundle.unit-test";
		};
/* End PBXNativeTarget section */

/* Begin PBXProject section */
		OBJ_1 /* Project object */ = {
			isa = PBXProject;
			attributes = {
				LastSwiftUpdateCheck = 0900;
				LastUpgradeCheck = 0900;
				TargetAttributes = {
					FAA124281FA3941400CA1DE2 = {
						CreatedOnToolsVersion = 9.0.1;
						DevelopmentTeam = Y63DEDERL2;
						ProvisioningStyle = Automatic;
					};
					FAA124301FA3941400CA1DE2 = {
						CreatedOnToolsVersion = 9.0.1;
						DevelopmentTeam = Y63DEDERL2;
						ProvisioningStyle = Automatic;
					};
					FAC4A9431F7C251800C37CE2 = {
						CreatedOnToolsVersion = 9.0;
						DevelopmentTeam = Y63DEDERL2;
						ProvisioningStyle = Automatic;
					};
					FAC4A94B1F7C251900C37CE2 = {
						CreatedOnToolsVersion = 9.0;
						DevelopmentTeam = Y63DEDERL2;
						ProvisioningStyle = Automatic;
					};
					FAC4A95F1F7C259300C37CE2 = {
						CreatedOnToolsVersion = 9.0;
						DevelopmentTeam = Y63DEDERL2;
						ProvisioningStyle = Automatic;
					};
					FAC4A9671F7C259300C37CE2 = {
						CreatedOnToolsVersion = 9.0;
						DevelopmentTeam = Y63DEDERL2;
						ProvisioningStyle = Automatic;
					};
					OBJ_19 = {
						LastSwiftMigration = 0900;
					};
					OBJ_28 = {
						LastSwiftMigration = 0900;
					};
				};
			};
			buildConfigurationList = OBJ_2 /* Build configuration list for PBXProject "Runglish" */;
			compatibilityVersion = "Xcode 3.2";
			developmentRegion = English;
			hasScannedForEncodings = 0;
			knownRegions = (
				en,
			);
			mainGroup = OBJ_5;
			productRefGroup = OBJ_16 /* Products */;
			projectDirPath = "";
			projectRoot = "";
			targets = (
				OBJ_19 /* Runglish */,
				OBJ_28 /* RunglishTests */,
				FAC4A9431F7C251800C37CE2 /* Runglish_iOS */,
				FAC4A94B1F7C251900C37CE2 /* Runglish_iOSTests */,
				FAC4A95F1F7C259300C37CE2 /* Runglish_tvOS */,
				FAC4A9671F7C259300C37CE2 /* Runglish_tvOSTests */,
				FAA124281FA3941400CA1DE2 /* Runglish_macOS */,
				FAA124301FA3941400CA1DE2 /* Runglish_macOSTests */,
			);
		};
/* End PBXProject section */

/* Begin PBXResourcesBuildPhase section */
		FAA124271FA3941400CA1DE2 /* Resources */ = {
			isa = PBXResourcesBuildPhase;
			buildActionMask = 2147483647;
			files = (
			);
			runOnlyForDeploymentPostprocessing = 0;
		};
		FAA1242F1FA3941400CA1DE2 /* Resources */ = {
			isa = PBXResourcesBuildPhase;
			buildActionMask = 2147483647;
			files = (
			);
			runOnlyForDeploymentPostprocessing = 0;
		};
		FAC4A9421F7C251800C37CE2 /* Resources */ = {
			isa = PBXResourcesBuildPhase;
			buildActionMask = 2147483647;
			files = (
			);
			runOnlyForDeploymentPostprocessing = 0;
		};
		FAC4A94A1F7C251900C37CE2 /* Resources */ = {
			isa = PBXResourcesBuildPhase;
			buildActionMask = 2147483647;
			files = (
			);
			runOnlyForDeploymentPostprocessing = 0;
		};
		FAC4A95E1F7C259300C37CE2 /* Resources */ = {
			isa = PBXResourcesBuildPhase;
			buildActionMask = 2147483647;
			files = (
			);
			runOnlyForDeploymentPostprocessing = 0;
		};
		FAC4A9661F7C259300C37CE2 /* Resources */ = {
			isa = PBXResourcesBuildPhase;
			buildActionMask = 2147483647;
			files = (
			);
			runOnlyForDeploymentPostprocessing = 0;
		};
/* End PBXResourcesBuildPhase section */

/* Begin PBXShellScriptBuildPhase section */
		1905043D2CE35DD751B29094 /* [CP] Embed Pods Frameworks */ = {
			isa = PBXShellScriptBuildPhase;
			buildActionMask = 2147483647;
			files = (
			);
			inputPaths = (
			);
			name = "[CP] Embed Pods Frameworks";
			outputPaths = (
			);
			runOnlyForDeploymentPostprocessing = 0;
			shellPath = /bin/sh;
			shellScript = "\"${SRCROOT}/Pods/Target Support Files/Pods-Runglish_tvOSTests/Pods-Runglish_tvOSTests-frameworks.sh\"\n";
			showEnvVarsInLog = 0;
		};
		3579F6A6E51E118F7B4FBA29 /* [CP] Check Pods Manifest.lock */ = {
			isa = PBXShellScriptBuildPhase;
			buildActionMask = 2147483647;
			files = (
			);
			inputPaths = (
				"${PODS_PODFILE_DIR_PATH}/Podfile.lock",
				"${PODS_ROOT}/Manifest.lock",
			);
			name = "[CP] Check Pods Manifest.lock";
			outputPaths = (
				"$(DERIVED_FILE_DIR)/Pods-Runglish_macOS-checkManifestLockResult.txt",
			);
			runOnlyForDeploymentPostprocessing = 0;
			shellPath = /bin/sh;
			shellScript = "diff \"${PODS_PODFILE_DIR_PATH}/Podfile.lock\" \"${PODS_ROOT}/Manifest.lock\" > /dev/null\nif [ $? != 0 ] ; then\n    # print error to STDERR\n    echo \"error: The sandbox is not in sync with the Podfile.lock. Run 'pod install' or update your CocoaPods installation.\" >&2\n    exit 1\nfi\n# This output is used by Xcode 'outputs' to avoid re-running this script phase.\necho \"SUCCESS\" > \"${SCRIPT_OUTPUT_FILE_0}\"\n";
			showEnvVarsInLog = 0;
		};
		3CD4FA30A92E4BF9A46BE3F5 /* [CP] Check Pods Manifest.lock */ = {
			isa = PBXShellScriptBuildPhase;
			buildActionMask = 2147483647;
			files = (
			);
			inputPaths = (
				"${PODS_PODFILE_DIR_PATH}/Podfile.lock",
				"${PODS_ROOT}/Manifest.lock",
			);
			name = "[CP] Check Pods Manifest.lock";
			outputPaths = (
				"$(DERIVED_FILE_DIR)/Pods-Runglish_tvOS-checkManifestLockResult.txt",
			);
			runOnlyForDeploymentPostprocessing = 0;
			shellPath = /bin/sh;
			shellScript = "diff \"${PODS_PODFILE_DIR_PATH}/Podfile.lock\" \"${PODS_ROOT}/Manifest.lock\" > /dev/null\nif [ $? != 0 ] ; then\n    # print error to STDERR\n    echo \"error: The sandbox is not in sync with the Podfile.lock. Run 'pod install' or update your CocoaPods installation.\" >&2\n    exit 1\nfi\n# This output is used by Xcode 'outputs' to avoid re-running this script phase.\necho \"SUCCESS\" > \"${SCRIPT_OUTPUT_FILE_0}\"\n";
			showEnvVarsInLog = 0;
		};
		3E10F88EF8D7374B919BEB0C /* [CP] Copy Pods Resources */ = {
			isa = PBXShellScriptBuildPhase;
			buildActionMask = 2147483647;
			files = (
			);
			inputPaths = (
			);
			name = "[CP] Copy Pods Resources";
			outputPaths = (
			);
			runOnlyForDeploymentPostprocessing = 0;
			shellPath = /bin/sh;
			shellScript = "\"${SRCROOT}/Pods/Target Support Files/Pods-Runglish_iOS/Pods-Runglish_iOS-resources.sh\"\n";
			showEnvVarsInLog = 0;
		};
		59A66A6B4026A31B9010DCE3 /* [CP] Copy Pods Resources */ = {
			isa = PBXShellScriptBuildPhase;
			buildActionMask = 2147483647;
			files = (
			);
			inputPaths = (
			);
			name = "[CP] Copy Pods Resources";
			outputPaths = (
			);
			runOnlyForDeploymentPostprocessing = 0;
			shellPath = /bin/sh;
			shellScript = "\"${SRCROOT}/Pods/Target Support Files/Pods-Runglish_macOSTests/Pods-Runglish_macOSTests-resources.sh\"\n";
			showEnvVarsInLog = 0;
		};
		5B9B546AC0F2F1C9D151CE50 /* [CP] Check Pods Manifest.lock */ = {
			isa = PBXShellScriptBuildPhase;
			buildActionMask = 2147483647;
			files = (
			);
			inputPaths = (
				"${PODS_PODFILE_DIR_PATH}/Podfile.lock",
				"${PODS_ROOT}/Manifest.lock",
			);
			name = "[CP] Check Pods Manifest.lock";
			outputPaths = (
				"$(DERIVED_FILE_DIR)/Pods-Runglish_tvOSTests-checkManifestLockResult.txt",
			);
			runOnlyForDeploymentPostprocessing = 0;
			shellPath = /bin/sh;
			shellScript = "diff \"${PODS_PODFILE_DIR_PATH}/Podfile.lock\" \"${PODS_ROOT}/Manifest.lock\" > /dev/null\nif [ $? != 0 ] ; then\n    # print error to STDERR\n    echo \"error: The sandbox is not in sync with the Podfile.lock. Run 'pod install' or update your CocoaPods installation.\" >&2\n    exit 1\nfi\n# This output is used by Xcode 'outputs' to avoid re-running this script phase.\necho \"SUCCESS\" > \"${SCRIPT_OUTPUT_FILE_0}\"\n";
			showEnvVarsInLog = 0;
		};
		61980A59DFD09DDAE1E77CEE /* [CP] Copy Pods Resources */ = {
			isa = PBXShellScriptBuildPhase;
			buildActionMask = 2147483647;
			files = (
			);
			inputPaths = (
			);
			name = "[CP] Copy Pods Resources";
			outputPaths = (
			);
			runOnlyForDeploymentPostprocessing = 0;
			shellPath = /bin/sh;
			shellScript = "\"${SRCROOT}/Pods/Target Support Files/Pods-Runglish_tvOS/Pods-Runglish_tvOS-resources.sh\"\n";
			showEnvVarsInLog = 0;
		};
		936D4809D70785B3CCF20BC5 /* [CP] Check Pods Manifest.lock */ = {
			isa = PBXShellScriptBuildPhase;
			buildActionMask = 2147483647;
			files = (
			);
			inputPaths = (
				"${PODS_PODFILE_DIR_PATH}/Podfile.lock",
				"${PODS_ROOT}/Manifest.lock",
			);
			name = "[CP] Check Pods Manifest.lock";
			outputPaths = (
				"$(DERIVED_FILE_DIR)/Pods-Runglish_iOSTests-checkManifestLockResult.txt",
			);
			runOnlyForDeploymentPostprocessing = 0;
			shellPath = /bin/sh;
			shellScript = "diff \"${PODS_PODFILE_DIR_PATH}/Podfile.lock\" \"${PODS_ROOT}/Manifest.lock\" > /dev/null\nif [ $? != 0 ] ; then\n    # print error to STDERR\n    echo \"error: The sandbox is not in sync with the Podfile.lock. Run 'pod install' or update your CocoaPods installation.\" >&2\n    exit 1\nfi\n# This output is used by Xcode 'outputs' to avoid re-running this script phase.\necho \"SUCCESS\" > \"${SCRIPT_OUTPUT_FILE_0}\"\n";
			showEnvVarsInLog = 0;
		};
		A4940E2B16BC78406F652883 /* [CP] Copy Pods Resources */ = {
			isa = PBXShellScriptBuildPhase;
			buildActionMask = 2147483647;
			files = (
			);
			inputPaths = (
			);
			name = "[CP] Copy Pods Resources";
			outputPaths = (
			);
			runOnlyForDeploymentPostprocessing = 0;
			shellPath = /bin/sh;
			shellScript = "\"${SRCROOT}/Pods/Target Support Files/Pods-Runglish_macOS/Pods-Runglish_macOS-resources.sh\"\n";
			showEnvVarsInLog = 0;
		};
		AB62E8C4FF7107C2674AA124 /* [CP] Copy Pods Resources */ = {
			isa = PBXShellScriptBuildPhase;
			buildActionMask = 2147483647;
			files = (
			);
			inputPaths = (
			);
			name = "[CP] Copy Pods Resources";
			outputPaths = (
			);
			runOnlyForDeploymentPostprocessing = 0;
			shellPath = /bin/sh;
			shellScript = "\"${SRCROOT}/Pods/Target Support Files/Pods-Runglish_tvOSTests/Pods-Runglish_tvOSTests-resources.sh\"\n";
			showEnvVarsInLog = 0;
		};
		ACA7386D3B82E4FB17A710F6 /* [CP] Embed Pods Frameworks */ = {
			isa = PBXShellScriptBuildPhase;
			buildActionMask = 2147483647;
			files = (
			);
			inputPaths = (
			);
			name = "[CP] Embed Pods Frameworks";
			outputPaths = (
			);
			runOnlyForDeploymentPostprocessing = 0;
			shellPath = /bin/sh;
			shellScript = "\"${SRCROOT}/Pods/Target Support Files/Pods-Runglish_iOSTests/Pods-Runglish_iOSTests-frameworks.sh\"\n";
			showEnvVarsInLog = 0;
		};
		B99179389AF94AC67238E9B1 /* [CP] Check Pods Manifest.lock */ = {
			isa = PBXShellScriptBuildPhase;
			buildActionMask = 2147483647;
			files = (
			);
			inputPaths = (
				"${PODS_PODFILE_DIR_PATH}/Podfile.lock",
				"${PODS_ROOT}/Manifest.lock",
			);
			name = "[CP] Check Pods Manifest.lock";
			outputPaths = (
				"$(DERIVED_FILE_DIR)/Pods-Runglish_macOSTests-checkManifestLockResult.txt",
			);
			runOnlyForDeploymentPostprocessing = 0;
			shellPath = /bin/sh;
			shellScript = "diff \"${PODS_PODFILE_DIR_PATH}/Podfile.lock\" \"${PODS_ROOT}/Manifest.lock\" > /dev/null\nif [ $? != 0 ] ; then\n    # print error to STDERR\n    echo \"error: The sandbox is not in sync with the Podfile.lock. Run 'pod install' or update your CocoaPods installation.\" >&2\n    exit 1\nfi\n# This output is used by Xcode 'outputs' to avoid re-running this script phase.\necho \"SUCCESS\" > \"${SCRIPT_OUTPUT_FILE_0}\"\n";
			showEnvVarsInLog = 0;
		};
		BAB7C806261CBF8B9B4D6A30 /* [CP] Embed Pods Frameworks */ = {
			isa = PBXShellScriptBuildPhase;
			buildActionMask = 2147483647;
			files = (
			);
			inputPaths = (
			);
			name = "[CP] Embed Pods Frameworks";
			outputPaths = (
			);
			runOnlyForDeploymentPostprocessing = 0;
			shellPath = /bin/sh;
			shellScript = "\"${SRCROOT}/Pods/Target Support Files/Pods-Runglish_macOSTests/Pods-Runglish_macOSTests-frameworks.sh\"\n";
			showEnvVarsInLog = 0;
		};
		E3FD4C6CE9FFC89E8883C843 /* [CP] Copy Pods Resources */ = {
			isa = PBXShellScriptBuildPhase;
			buildActionMask = 2147483647;
			files = (
			);
			inputPaths = (
			);
			name = "[CP] Copy Pods Resources";
			outputPaths = (
			);
			runOnlyForDeploymentPostprocessing = 0;
			shellPath = /bin/sh;
			shellScript = "\"${SRCROOT}/Pods/Target Support Files/Pods-Runglish_iOSTests/Pods-Runglish_iOSTests-resources.sh\"\n";
			showEnvVarsInLog = 0;
		};
		FDF6BDA6DE56B558DCB6AF35 /* [CP] Check Pods Manifest.lock */ = {
			isa = PBXShellScriptBuildPhase;
			buildActionMask = 2147483647;
			files = (
			);
			inputPaths = (
				"${PODS_PODFILE_DIR_PATH}/Podfile.lock",
				"${PODS_ROOT}/Manifest.lock",
			);
			name = "[CP] Check Pods Manifest.lock";
			outputPaths = (
				"$(DERIVED_FILE_DIR)/Pods-Runglish_iOS-checkManifestLockResult.txt",
			);
			runOnlyForDeploymentPostprocessing = 0;
			shellPath = /bin/sh;
			shellScript = "diff \"${PODS_PODFILE_DIR_PATH}/Podfile.lock\" \"${PODS_ROOT}/Manifest.lock\" > /dev/null\nif [ $? != 0 ] ; then\n    # print error to STDERR\n    echo \"error: The sandbox is not in sync with the Podfile.lock. Run 'pod install' or update your CocoaPods installation.\" >&2\n    exit 1\nfi\n# This output is used by Xcode 'outputs' to avoid re-running this script phase.\necho \"SUCCESS\" > \"${SCRIPT_OUTPUT_FILE_0}\"\n";
			showEnvVarsInLog = 0;
		};
/* End PBXShellScriptBuildPhase section */

/* Begin PBXSourcesBuildPhase section */
		FAA124241FA3941400CA1DE2 /* Sources */ = {
			isa = PBXSourcesBuildPhase;
			buildActionMask = 2147483647;
			files = (
				FAA124411FA3944700CA1DE2 /* LatToRusConverter.swift in Sources */,
				FAA124421FA3944700CA1DE2 /* RusToLatConverter.swift in Sources */,
				FAA124401FA3944700CA1DE2 /* Converter.swift in Sources */,
			);
			runOnlyForDeploymentPostprocessing = 0;
		};
		FAA1242D1FA3941400CA1DE2 /* Sources */ = {
			isa = PBXSourcesBuildPhase;
			buildActionMask = 2147483647;
			files = (
				FAA124371FA3941400CA1DE2 /* Runglish_macOSTests.swift in Sources */,
			);
			runOnlyForDeploymentPostprocessing = 0;
		};
		FAC4A93F1F7C251800C37CE2 /* Sources */ = {
			isa = PBXSourcesBuildPhase;
			buildActionMask = 2147483647;
			files = (
				FAC4A9781F7C272E00C37CE2 /* LatToRusConverter.swift in Sources */,
				FAC4A9791F7C272E00C37CE2 /* RusToLatConverter.swift in Sources */,
				FAC4A9771F7C272E00C37CE2 /* Converter.swift in Sources */,
			);
			runOnlyForDeploymentPostprocessing = 0;
		};
		FAC4A9481F7C251900C37CE2 /* Sources */ = {
			isa = PBXSourcesBuildPhase;
			buildActionMask = 2147483647;
			files = (
				FAC4A97D1F7C273C00C37CE2 /* LatToRusConverterTests.swift in Sources */,
				FAC4A9521F7C251900C37CE2 /* Runglish_iOSTests.swift in Sources */,
				FAC4A97E1F7C273C00C37CE2 /* RusToLatConverterTests.swift in Sources */,
			);
			runOnlyForDeploymentPostprocessing = 0;
		};
		FAC4A95B1F7C259300C37CE2 /* Sources */ = {
			isa = PBXSourcesBuildPhase;
			buildActionMask = 2147483647;
			files = (
				FAC4A97B1F7C273100C37CE2 /* LatToRusConverter.swift in Sources */,
				FAC4A97C1F7C273100C37CE2 /* RusToLatConverter.swift in Sources */,
				FAC4A97A1F7C273100C37CE2 /* Converter.swift in Sources */,
			);
			runOnlyForDeploymentPostprocessing = 0;
		};
		FAC4A9641F7C259300C37CE2 /* Sources */ = {
			isa = PBXSourcesBuildPhase;
			buildActionMask = 2147483647;
			files = (
				FAC4A97F1F7C273D00C37CE2 /* LatToRusConverterTests.swift in Sources */,
				FAC4A96E1F7C259300C37CE2 /* Runglish_tvOSTests.swift in Sources */,
				FAC4A9801F7C273D00C37CE2 /* RusToLatConverterTests.swift in Sources */,
			);
			runOnlyForDeploymentPostprocessing = 0;
		};
		OBJ_23 /* Sources */ = {
			isa = PBXSourcesBuildPhase;
			buildActionMask = 0;
			files = (
				OBJ_24 /* Converter.swift in Sources */,
				OBJ_25 /* LatToRusConverter.swift in Sources */,
				OBJ_26 /* RusToLatConverter.swift in Sources */,
			);
			runOnlyForDeploymentPostprocessing = 0;
		};
		OBJ_32 /* Sources */ = {
			isa = PBXSourcesBuildPhase;
			buildActionMask = 0;
			files = (
				OBJ_33 /* LatToRusConverterTests.swift in Sources */,
				OBJ_34 /* RusToLatConverterTests.swift in Sources */,
			);
			runOnlyForDeploymentPostprocessing = 0;
		};
/* End PBXSourcesBuildPhase section */

/* Begin PBXTargetDependency section */
		FAA124341FA3941400CA1DE2 /* PBXTargetDependency */ = {
			isa = PBXTargetDependency;
			target = FAA124281FA3941400CA1DE2 /* Runglish_macOS */;
			targetProxy = FAA124331FA3941400CA1DE2 /* PBXContainerItemProxy */;
		};
		FAC4A94F1F7C251900C37CE2 /* PBXTargetDependency */ = {
			isa = PBXTargetDependency;
			target = FAC4A9431F7C251800C37CE2 /* Runglish_iOS */;
			targetProxy = FAC4A94E1F7C251900C37CE2 /* PBXContainerItemProxy */;
		};
		FAC4A96B1F7C259300C37CE2 /* PBXTargetDependency */ = {
			isa = PBXTargetDependency;
			target = FAC4A95F1F7C259300C37CE2 /* Runglish_tvOS */;
			targetProxy = FAC4A96A1F7C259300C37CE2 /* PBXContainerItemProxy */;
		};
		OBJ_37 /* PBXTargetDependency */ = {
			isa = PBXTargetDependency;
			target = OBJ_19 /* Runglish */;
			targetProxy = FAF8C94F1E5FC48E00D03732 /* PBXContainerItemProxy */;
		};
/* End PBXTargetDependency section */

/* Begin XCBuildConfiguration section */
		FAA1243B1FA3941400CA1DE2 /* Debug */ = {
			isa = XCBuildConfiguration;
			baseConfigurationReference = F686E436DF5432DCF2991813 /* Pods-Runglish_macOS.debug.xcconfig */;
			buildSettings = {
				ALWAYS_SEARCH_USER_PATHS = NO;
				CLANG_ANALYZER_NONNULL = YES;
				CLANG_ANALYZER_NUMBER_OBJECT_CONVERSION = YES_AGGRESSIVE;
				CLANG_CXX_LANGUAGE_STANDARD = "gnu++14";
				CLANG_CXX_LIBRARY = "libc++";
				CLANG_ENABLE_MODULES = YES;
				CLANG_ENABLE_OBJC_ARC = YES;
				CLANG_WARN_DIRECT_OBJC_ISA_USAGE = YES_ERROR;
				CLANG_WARN_DOCUMENTATION_COMMENTS = YES;
				CLANG_WARN_OBJC_ROOT_CLASS = YES_ERROR;
				CLANG_WARN_UNGUARDED_AVAILABILITY = YES_AGGRESSIVE;
				CODE_SIGN_IDENTITY = "Mac Developer";
				CODE_SIGN_STYLE = Automatic;
				COMBINE_HIDPI_IMAGES = YES;
				CURRENT_PROJECT_VERSION = 1;
				DEFINES_MODULE = YES;
				DEVELOPMENT_TEAM = Y63DEDERL2;
				DYLIB_COMPATIBILITY_VERSION = 1;
				DYLIB_CURRENT_VERSION = 1;
				DYLIB_INSTALL_NAME_BASE = "@rpath";
				FRAMEWORK_VERSION = A;
				GCC_C_LANGUAGE_STANDARD = gnu11;
				GCC_DYNAMIC_NO_PIC = NO;
				GCC_PREPROCESSOR_DEFINITIONS = (
					"DEBUG=1",
					"$(inherited)",
				);
				GCC_WARN_ABOUT_RETURN_TYPE = YES_ERROR;
				GCC_WARN_UNINITIALIZED_AUTOS = YES_AGGRESSIVE;
				INFOPLIST_FILE = Runglish_macOS/Info.plist;
				INSTALL_PATH = "$(LOCAL_LIBRARY_DIR)/Frameworks";
				LD_RUNPATH_SEARCH_PATHS = "$(inherited) @executable_path/../Frameworks @loader_path/Frameworks";
				MACOSX_DEPLOYMENT_TARGET = 10.13;
				MTL_ENABLE_DEBUG_INFO = YES;
				PRODUCT_BUNDLE_IDENTIFIER = "com.rubikon.Runglish-macOS";
				PRODUCT_NAME = "$(TARGET_NAME:c99extidentifier)";
				SDKROOT = macosx;
				SKIP_INSTALL = YES;
				SWIFT_ACTIVE_COMPILATION_CONDITIONS = DEBUG;
				SWIFT_VERSION = 4.0;
				VERSIONING_SYSTEM = "apple-generic";
				VERSION_INFO_PREFIX = "";
			};
			name = Debug;
		};
		FAA1243C1FA3941400CA1DE2 /* Release */ = {
			isa = XCBuildConfiguration;
			baseConfigurationReference = 9F7C118EE8DD89C2AFB7CBBF /* Pods-Runglish_macOS.release.xcconfig */;
			buildSettings = {
				ALWAYS_SEARCH_USER_PATHS = NO;
				CLANG_ANALYZER_NONNULL = YES;
				CLANG_ANALYZER_NUMBER_OBJECT_CONVERSION = YES_AGGRESSIVE;
				CLANG_CXX_LANGUAGE_STANDARD = "gnu++14";
				CLANG_CXX_LIBRARY = "libc++";
				CLANG_ENABLE_MODULES = YES;
				CLANG_ENABLE_OBJC_ARC = YES;
				CLANG_WARN_DIRECT_OBJC_ISA_USAGE = YES_ERROR;
				CLANG_WARN_DOCUMENTATION_COMMENTS = YES;
				CLANG_WARN_OBJC_ROOT_CLASS = YES_ERROR;
				CLANG_WARN_UNGUARDED_AVAILABILITY = YES_AGGRESSIVE;
				CODE_SIGN_IDENTITY = "Mac Developer";
				CODE_SIGN_STYLE = Automatic;
				COMBINE_HIDPI_IMAGES = YES;
				COPY_PHASE_STRIP = NO;
				CURRENT_PROJECT_VERSION = 1;
				DEFINES_MODULE = YES;
				DEVELOPMENT_TEAM = Y63DEDERL2;
				DYLIB_COMPATIBILITY_VERSION = 1;
				DYLIB_CURRENT_VERSION = 1;
				DYLIB_INSTALL_NAME_BASE = "@rpath";
				ENABLE_NS_ASSERTIONS = NO;
				FRAMEWORK_VERSION = A;
				GCC_C_LANGUAGE_STANDARD = gnu11;
				GCC_WARN_ABOUT_RETURN_TYPE = YES_ERROR;
				GCC_WARN_UNINITIALIZED_AUTOS = YES_AGGRESSIVE;
				INFOPLIST_FILE = Runglish_macOS/Info.plist;
				INSTALL_PATH = "$(LOCAL_LIBRARY_DIR)/Frameworks";
				LD_RUNPATH_SEARCH_PATHS = "$(inherited) @executable_path/../Frameworks @loader_path/Frameworks";
				MACOSX_DEPLOYMENT_TARGET = 10.13;
				MTL_ENABLE_DEBUG_INFO = NO;
				PRODUCT_BUNDLE_IDENTIFIER = "com.rubikon.Runglish-macOS";
				PRODUCT_NAME = "$(TARGET_NAME:c99extidentifier)";
				SDKROOT = macosx;
				SKIP_INSTALL = YES;
				SWIFT_VERSION = 4.0;
				VERSIONING_SYSTEM = "apple-generic";
				VERSION_INFO_PREFIX = "";
			};
			name = Release;
		};
		FAA1243E1FA3941400CA1DE2 /* Debug */ = {
			isa = XCBuildConfiguration;
			baseConfigurationReference = EDDCE8005D7C0C6B9E8A05DB /* Pods-Runglish_macOSTests.debug.xcconfig */;
			buildSettings = {
				ALWAYS_EMBED_SWIFT_STANDARD_LIBRARIES = YES;
				ALWAYS_SEARCH_USER_PATHS = NO;
				CLANG_ANALYZER_NONNULL = YES;
				CLANG_ANALYZER_NUMBER_OBJECT_CONVERSION = YES_AGGRESSIVE;
				CLANG_CXX_LANGUAGE_STANDARD = "gnu++14";
				CLANG_CXX_LIBRARY = "libc++";
				CLANG_ENABLE_MODULES = YES;
				CLANG_ENABLE_OBJC_ARC = YES;
				CLANG_WARN_DIRECT_OBJC_ISA_USAGE = YES_ERROR;
				CLANG_WARN_DOCUMENTATION_COMMENTS = YES;
				CLANG_WARN_OBJC_ROOT_CLASS = YES_ERROR;
				CLANG_WARN_UNGUARDED_AVAILABILITY = YES_AGGRESSIVE;
				CODE_SIGN_IDENTITY = "Mac Developer";
				CODE_SIGN_STYLE = Automatic;
				COMBINE_HIDPI_IMAGES = YES;
				DEVELOPMENT_TEAM = Y63DEDERL2;
				GCC_C_LANGUAGE_STANDARD = gnu11;
				GCC_DYNAMIC_NO_PIC = NO;
				GCC_PREPROCESSOR_DEFINITIONS = (
					"DEBUG=1",
					"$(inherited)",
				);
				GCC_WARN_ABOUT_RETURN_TYPE = YES_ERROR;
				GCC_WARN_UNINITIALIZED_AUTOS = YES_AGGRESSIVE;
				INFOPLIST_FILE = Runglish_macOSTests/Info.plist;
				LD_RUNPATH_SEARCH_PATHS = "$(inherited) @executable_path/../Frameworks @loader_path/../Frameworks";
				MACOSX_DEPLOYMENT_TARGET = 10.13;
				MTL_ENABLE_DEBUG_INFO = YES;
				PRODUCT_BUNDLE_IDENTIFIER = "com.rubikon.Runglish-macOSTests";
				PRODUCT_NAME = "$(TARGET_NAME)";
				SDKROOT = macosx;
				SWIFT_ACTIVE_COMPILATION_CONDITIONS = DEBUG;
				SWIFT_VERSION = 4.0;
			};
			name = Debug;
		};
		FAA1243F1FA3941400CA1DE2 /* Release */ = {
			isa = XCBuildConfiguration;
			baseConfigurationReference = EDBE76513FF33ECFC09FAFB1 /* Pods-Runglish_macOSTests.release.xcconfig */;
			buildSettings = {
				ALWAYS_EMBED_SWIFT_STANDARD_LIBRARIES = YES;
				ALWAYS_SEARCH_USER_PATHS = NO;
				CLANG_ANALYZER_NONNULL = YES;
				CLANG_ANALYZER_NUMBER_OBJECT_CONVERSION = YES_AGGRESSIVE;
				CLANG_CXX_LANGUAGE_STANDARD = "gnu++14";
				CLANG_CXX_LIBRARY = "libc++";
				CLANG_ENABLE_MODULES = YES;
				CLANG_ENABLE_OBJC_ARC = YES;
				CLANG_WARN_DIRECT_OBJC_ISA_USAGE = YES_ERROR;
				CLANG_WARN_DOCUMENTATION_COMMENTS = YES;
				CLANG_WARN_OBJC_ROOT_CLASS = YES_ERROR;
				CLANG_WARN_UNGUARDED_AVAILABILITY = YES_AGGRESSIVE;
				CODE_SIGN_IDENTITY = "Mac Developer";
				CODE_SIGN_STYLE = Automatic;
				COMBINE_HIDPI_IMAGES = YES;
				COPY_PHASE_STRIP = NO;
				DEVELOPMENT_TEAM = Y63DEDERL2;
				ENABLE_NS_ASSERTIONS = NO;
				GCC_C_LANGUAGE_STANDARD = gnu11;
				GCC_WARN_ABOUT_RETURN_TYPE = YES_ERROR;
				GCC_WARN_UNINITIALIZED_AUTOS = YES_AGGRESSIVE;
				INFOPLIST_FILE = Runglish_macOSTests/Info.plist;
				LD_RUNPATH_SEARCH_PATHS = "$(inherited) @executable_path/../Frameworks @loader_path/../Frameworks";
				MACOSX_DEPLOYMENT_TARGET = 10.13;
				MTL_ENABLE_DEBUG_INFO = NO;
				PRODUCT_BUNDLE_IDENTIFIER = "com.rubikon.Runglish-macOSTests";
				PRODUCT_NAME = "$(TARGET_NAME)";
				SDKROOT = macosx;
				SWIFT_VERSION = 4.0;
			};
			name = Release;
		};
		FAC4A9551F7C251900C37CE2 /* Debug */ = {
			isa = XCBuildConfiguration;
			baseConfigurationReference = 36728AC67F08DBDFACA04572 /* Pods-Runglish_iOS.debug.xcconfig */;
			buildSettings = {
				ALWAYS_SEARCH_USER_PATHS = NO;
				CLANG_ANALYZER_NONNULL = YES;
				CLANG_ANALYZER_NUMBER_OBJECT_CONVERSION = YES_AGGRESSIVE;
				CLANG_CXX_LANGUAGE_STANDARD = "gnu++14";
				CLANG_CXX_LIBRARY = "libc++";
				CLANG_ENABLE_MODULES = YES;
				CLANG_ENABLE_OBJC_ARC = YES;
				CLANG_WARN_BLOCK_CAPTURE_AUTORELEASING = YES;
				CLANG_WARN_BOOL_CONVERSION = YES;
				CLANG_WARN_COMMA = YES;
				CLANG_WARN_CONSTANT_CONVERSION = YES;
				CLANG_WARN_DIRECT_OBJC_ISA_USAGE = YES_ERROR;
				CLANG_WARN_DOCUMENTATION_COMMENTS = YES;
				CLANG_WARN_EMPTY_BODY = YES;
				CLANG_WARN_ENUM_CONVERSION = YES;
				CLANG_WARN_INFINITE_RECURSION = YES;
				CLANG_WARN_INT_CONVERSION = YES;
				CLANG_WARN_NON_LITERAL_NULL_CONVERSION = YES;
				CLANG_WARN_OBJC_LITERAL_CONVERSION = YES;
				CLANG_WARN_OBJC_ROOT_CLASS = YES_ERROR;
				CLANG_WARN_RANGE_LOOP_ANALYSIS = YES;
				CLANG_WARN_STRICT_PROTOTYPES = YES;
				CLANG_WARN_SUSPICIOUS_MOVE = YES;
				CLANG_WARN_UNGUARDED_AVAILABILITY = YES_AGGRESSIVE;
				CLANG_WARN_UNREACHABLE_CODE = YES;
				CLANG_WARN__DUPLICATE_METHOD_MATCH = YES;
				CODE_SIGN_IDENTITY = "iPhone Developer";
				"CODE_SIGN_IDENTITY[sdk=iphoneos*]" = "";
				CODE_SIGN_STYLE = Automatic;
				CURRENT_PROJECT_VERSION = 1;
				DEFINES_MODULE = YES;
				DEVELOPMENT_TEAM = Y63DEDERL2;
				DYLIB_COMPATIBILITY_VERSION = 1;
				DYLIB_CURRENT_VERSION = 1;
				DYLIB_INSTALL_NAME_BASE = "@rpath";
				ENABLE_STRICT_OBJC_MSGSEND = YES;
				ENABLE_TESTABILITY = YES;
				GCC_C_LANGUAGE_STANDARD = gnu11;
				GCC_DYNAMIC_NO_PIC = NO;
				GCC_NO_COMMON_BLOCKS = YES;
				GCC_PREPROCESSOR_DEFINITIONS = (
					"DEBUG=1",
					"$(inherited)",
				);
				GCC_WARN_64_TO_32_BIT_CONVERSION = YES;
				GCC_WARN_ABOUT_RETURN_TYPE = YES_ERROR;
				GCC_WARN_UNDECLARED_SELECTOR = YES;
				GCC_WARN_UNINITIALIZED_AUTOS = YES_AGGRESSIVE;
				GCC_WARN_UNUSED_FUNCTION = YES;
				GCC_WARN_UNUSED_VARIABLE = YES;
				INFOPLIST_FILE = Runglish_iOS/Info.plist;
				INSTALL_PATH = "$(LOCAL_LIBRARY_DIR)/Frameworks";
				IPHONEOS_DEPLOYMENT_TARGET = 11.0;
				LD_RUNPATH_SEARCH_PATHS = "$(inherited) @executable_path/Frameworks @loader_path/Frameworks";
				MTL_ENABLE_DEBUG_INFO = YES;
				PRODUCT_BUNDLE_IDENTIFIER = "com.rubikon.Runglish-iOS";
				PRODUCT_NAME = "$(TARGET_NAME:c99extidentifier)";
				SKIP_INSTALL = YES;
				SWIFT_ACTIVE_COMPILATION_CONDITIONS = DEBUG;
				SWIFT_VERSION = 4.0;
				TARGETED_DEVICE_FAMILY = "1,2";
				VERSIONING_SYSTEM = "apple-generic";
				VERSION_INFO_PREFIX = "";
			};
			name = Debug;
		};
		FAC4A9561F7C251900C37CE2 /* Release */ = {
			isa = XCBuildConfiguration;
			baseConfigurationReference = 82EF340259C6B1E7F570420E /* Pods-Runglish_iOS.release.xcconfig */;
			buildSettings = {
				ALWAYS_SEARCH_USER_PATHS = NO;
				CLANG_ANALYZER_NONNULL = YES;
				CLANG_ANALYZER_NUMBER_OBJECT_CONVERSION = YES_AGGRESSIVE;
				CLANG_CXX_LANGUAGE_STANDARD = "gnu++14";
				CLANG_CXX_LIBRARY = "libc++";
				CLANG_ENABLE_MODULES = YES;
				CLANG_ENABLE_OBJC_ARC = YES;
				CLANG_WARN_BLOCK_CAPTURE_AUTORELEASING = YES;
				CLANG_WARN_BOOL_CONVERSION = YES;
				CLANG_WARN_COMMA = YES;
				CLANG_WARN_CONSTANT_CONVERSION = YES;
				CLANG_WARN_DIRECT_OBJC_ISA_USAGE = YES_ERROR;
				CLANG_WARN_DOCUMENTATION_COMMENTS = YES;
				CLANG_WARN_EMPTY_BODY = YES;
				CLANG_WARN_ENUM_CONVERSION = YES;
				CLANG_WARN_INFINITE_RECURSION = YES;
				CLANG_WARN_INT_CONVERSION = YES;
				CLANG_WARN_NON_LITERAL_NULL_CONVERSION = YES;
				CLANG_WARN_OBJC_LITERAL_CONVERSION = YES;
				CLANG_WARN_OBJC_ROOT_CLASS = YES_ERROR;
				CLANG_WARN_RANGE_LOOP_ANALYSIS = YES;
				CLANG_WARN_STRICT_PROTOTYPES = YES;
				CLANG_WARN_SUSPICIOUS_MOVE = YES;
				CLANG_WARN_UNGUARDED_AVAILABILITY = YES_AGGRESSIVE;
				CLANG_WARN_UNREACHABLE_CODE = YES;
				CLANG_WARN__DUPLICATE_METHOD_MATCH = YES;
				CODE_SIGN_IDENTITY = "iPhone Developer";
				"CODE_SIGN_IDENTITY[sdk=iphoneos*]" = "";
				CODE_SIGN_STYLE = Automatic;
				COPY_PHASE_STRIP = NO;
				CURRENT_PROJECT_VERSION = 1;
				DEFINES_MODULE = YES;
				DEVELOPMENT_TEAM = Y63DEDERL2;
				DYLIB_COMPATIBILITY_VERSION = 1;
				DYLIB_CURRENT_VERSION = 1;
				DYLIB_INSTALL_NAME_BASE = "@rpath";
				ENABLE_NS_ASSERTIONS = NO;
				ENABLE_STRICT_OBJC_MSGSEND = YES;
				GCC_C_LANGUAGE_STANDARD = gnu11;
				GCC_NO_COMMON_BLOCKS = YES;
				GCC_WARN_64_TO_32_BIT_CONVERSION = YES;
				GCC_WARN_ABOUT_RETURN_TYPE = YES_ERROR;
				GCC_WARN_UNDECLARED_SELECTOR = YES;
				GCC_WARN_UNINITIALIZED_AUTOS = YES_AGGRESSIVE;
				GCC_WARN_UNUSED_FUNCTION = YES;
				GCC_WARN_UNUSED_VARIABLE = YES;
				INFOPLIST_FILE = Runglish_iOS/Info.plist;
				INSTALL_PATH = "$(LOCAL_LIBRARY_DIR)/Frameworks";
				IPHONEOS_DEPLOYMENT_TARGET = 11.0;
				LD_RUNPATH_SEARCH_PATHS = "$(inherited) @executable_path/Frameworks @loader_path/Frameworks";
				MTL_ENABLE_DEBUG_INFO = NO;
				PRODUCT_BUNDLE_IDENTIFIER = "com.rubikon.Runglish-iOS";
				PRODUCT_NAME = "$(TARGET_NAME:c99extidentifier)";
				SKIP_INSTALL = YES;
				SWIFT_OPTIMIZATION_LEVEL = "-Owholemodule";
				SWIFT_VERSION = 4.0;
				TARGETED_DEVICE_FAMILY = "1,2";
				VALIDATE_PRODUCT = YES;
				VERSIONING_SYSTEM = "apple-generic";
				VERSION_INFO_PREFIX = "";
			};
			name = Release;
		};
		FAC4A9571F7C251900C37CE2 /* Debug */ = {
			isa = XCBuildConfiguration;
			baseConfigurationReference = FC150C0DB30EA9635D1D1505 /* Pods-Runglish_iOSTests.debug.xcconfig */;
			buildSettings = {
				ALWAYS_EMBED_SWIFT_STANDARD_LIBRARIES = YES;
				ALWAYS_SEARCH_USER_PATHS = NO;
				CLANG_ANALYZER_NONNULL = YES;
				CLANG_ANALYZER_NUMBER_OBJECT_CONVERSION = YES_AGGRESSIVE;
				CLANG_CXX_LANGUAGE_STANDARD = "gnu++14";
				CLANG_CXX_LIBRARY = "libc++";
				CLANG_ENABLE_MODULES = YES;
				CLANG_ENABLE_OBJC_ARC = YES;
				CLANG_WARN_BLOCK_CAPTURE_AUTORELEASING = YES;
				CLANG_WARN_BOOL_CONVERSION = YES;
				CLANG_WARN_COMMA = YES;
				CLANG_WARN_CONSTANT_CONVERSION = YES;
				CLANG_WARN_DIRECT_OBJC_ISA_USAGE = YES_ERROR;
				CLANG_WARN_DOCUMENTATION_COMMENTS = YES;
				CLANG_WARN_EMPTY_BODY = YES;
				CLANG_WARN_ENUM_CONVERSION = YES;
				CLANG_WARN_INFINITE_RECURSION = YES;
				CLANG_WARN_INT_CONVERSION = YES;
				CLANG_WARN_NON_LITERAL_NULL_CONVERSION = YES;
				CLANG_WARN_OBJC_LITERAL_CONVERSION = YES;
				CLANG_WARN_OBJC_ROOT_CLASS = YES_ERROR;
				CLANG_WARN_RANGE_LOOP_ANALYSIS = YES;
				CLANG_WARN_STRICT_PROTOTYPES = YES;
				CLANG_WARN_SUSPICIOUS_MOVE = YES;
				CLANG_WARN_UNGUARDED_AVAILABILITY = YES_AGGRESSIVE;
				CLANG_WARN_UNREACHABLE_CODE = YES;
				CLANG_WARN__DUPLICATE_METHOD_MATCH = YES;
				CODE_SIGN_IDENTITY = "iPhone Developer";
				CODE_SIGN_STYLE = Automatic;
				DEVELOPMENT_TEAM = Y63DEDERL2;
				ENABLE_STRICT_OBJC_MSGSEND = YES;
				ENABLE_TESTABILITY = YES;
				GCC_C_LANGUAGE_STANDARD = gnu11;
				GCC_DYNAMIC_NO_PIC = NO;
				GCC_NO_COMMON_BLOCKS = YES;
				GCC_PREPROCESSOR_DEFINITIONS = (
					"DEBUG=1",
					"$(inherited)",
				);
				GCC_WARN_64_TO_32_BIT_CONVERSION = YES;
				GCC_WARN_ABOUT_RETURN_TYPE = YES_ERROR;
				GCC_WARN_UNDECLARED_SELECTOR = YES;
				GCC_WARN_UNINITIALIZED_AUTOS = YES_AGGRESSIVE;
				GCC_WARN_UNUSED_FUNCTION = YES;
				GCC_WARN_UNUSED_VARIABLE = YES;
				INFOPLIST_FILE = Runglish_iOSTests/Info.plist;
				IPHONEOS_DEPLOYMENT_TARGET = 11.0;
				LD_RUNPATH_SEARCH_PATHS = "$(inherited) @executable_path/Frameworks @loader_path/Frameworks";
				MTL_ENABLE_DEBUG_INFO = YES;
				PRODUCT_BUNDLE_IDENTIFIER = "com.rubikon.Runglish-iOSTests";
				PRODUCT_NAME = "$(TARGET_NAME)";
				SWIFT_ACTIVE_COMPILATION_CONDITIONS = DEBUG;
				SWIFT_VERSION = 4.0;
				TARGETED_DEVICE_FAMILY = "1,2";
			};
			name = Debug;
		};
		FAC4A9581F7C251900C37CE2 /* Release */ = {
			isa = XCBuildConfiguration;
			baseConfigurationReference = E218798B42F775C661A1CCFB /* Pods-Runglish_iOSTests.release.xcconfig */;
			buildSettings = {
				ALWAYS_EMBED_SWIFT_STANDARD_LIBRARIES = YES;
				ALWAYS_SEARCH_USER_PATHS = NO;
				CLANG_ANALYZER_NONNULL = YES;
				CLANG_ANALYZER_NUMBER_OBJECT_CONVERSION = YES_AGGRESSIVE;
				CLANG_CXX_LANGUAGE_STANDARD = "gnu++14";
				CLANG_CXX_LIBRARY = "libc++";
				CLANG_ENABLE_MODULES = YES;
				CLANG_ENABLE_OBJC_ARC = YES;
				CLANG_WARN_BLOCK_CAPTURE_AUTORELEASING = YES;
				CLANG_WARN_BOOL_CONVERSION = YES;
				CLANG_WARN_COMMA = YES;
				CLANG_WARN_CONSTANT_CONVERSION = YES;
				CLANG_WARN_DIRECT_OBJC_ISA_USAGE = YES_ERROR;
				CLANG_WARN_DOCUMENTATION_COMMENTS = YES;
				CLANG_WARN_EMPTY_BODY = YES;
				CLANG_WARN_ENUM_CONVERSION = YES;
				CLANG_WARN_INFINITE_RECURSION = YES;
				CLANG_WARN_INT_CONVERSION = YES;
				CLANG_WARN_NON_LITERAL_NULL_CONVERSION = YES;
				CLANG_WARN_OBJC_LITERAL_CONVERSION = YES;
				CLANG_WARN_OBJC_ROOT_CLASS = YES_ERROR;
				CLANG_WARN_RANGE_LOOP_ANALYSIS = YES;
				CLANG_WARN_STRICT_PROTOTYPES = YES;
				CLANG_WARN_SUSPICIOUS_MOVE = YES;
				CLANG_WARN_UNGUARDED_AVAILABILITY = YES_AGGRESSIVE;
				CLANG_WARN_UNREACHABLE_CODE = YES;
				CLANG_WARN__DUPLICATE_METHOD_MATCH = YES;
				CODE_SIGN_IDENTITY = "iPhone Developer";
				CODE_SIGN_STYLE = Automatic;
				COPY_PHASE_STRIP = NO;
				DEVELOPMENT_TEAM = Y63DEDERL2;
				ENABLE_NS_ASSERTIONS = NO;
				ENABLE_STRICT_OBJC_MSGSEND = YES;
				GCC_C_LANGUAGE_STANDARD = gnu11;
				GCC_NO_COMMON_BLOCKS = YES;
				GCC_WARN_64_TO_32_BIT_CONVERSION = YES;
				GCC_WARN_ABOUT_RETURN_TYPE = YES_ERROR;
				GCC_WARN_UNDECLARED_SELECTOR = YES;
				GCC_WARN_UNINITIALIZED_AUTOS = YES_AGGRESSIVE;
				GCC_WARN_UNUSED_FUNCTION = YES;
				GCC_WARN_UNUSED_VARIABLE = YES;
				INFOPLIST_FILE = Runglish_iOSTests/Info.plist;
				IPHONEOS_DEPLOYMENT_TARGET = 11.0;
				LD_RUNPATH_SEARCH_PATHS = "$(inherited) @executable_path/Frameworks @loader_path/Frameworks";
				MTL_ENABLE_DEBUG_INFO = NO;
				PRODUCT_BUNDLE_IDENTIFIER = "com.rubikon.Runglish-iOSTests";
				PRODUCT_NAME = "$(TARGET_NAME)";
				SWIFT_OPTIMIZATION_LEVEL = "-Owholemodule";
				SWIFT_VERSION = 4.0;
				TARGETED_DEVICE_FAMILY = "1,2";
				VALIDATE_PRODUCT = YES;
			};
			name = Release;
		};
		FAC4A9721F7C259300C37CE2 /* Debug */ = {
			isa = XCBuildConfiguration;
			baseConfigurationReference = 487FEE2F0C95807A9BDED0E2 /* Pods-Runglish_tvOS.debug.xcconfig */;
			buildSettings = {
				ALWAYS_SEARCH_USER_PATHS = NO;
				CLANG_ANALYZER_NONNULL = YES;
				CLANG_ANALYZER_NUMBER_OBJECT_CONVERSION = YES_AGGRESSIVE;
				CLANG_CXX_LANGUAGE_STANDARD = "gnu++14";
				CLANG_CXX_LIBRARY = "libc++";
				CLANG_ENABLE_MODULES = YES;
				CLANG_ENABLE_OBJC_ARC = YES;
				CLANG_WARN_BLOCK_CAPTURE_AUTORELEASING = YES;
				CLANG_WARN_BOOL_CONVERSION = YES;
				CLANG_WARN_COMMA = YES;
				CLANG_WARN_CONSTANT_CONVERSION = YES;
				CLANG_WARN_DIRECT_OBJC_ISA_USAGE = YES_ERROR;
				CLANG_WARN_DOCUMENTATION_COMMENTS = YES;
				CLANG_WARN_EMPTY_BODY = YES;
				CLANG_WARN_ENUM_CONVERSION = YES;
				CLANG_WARN_INFINITE_RECURSION = YES;
				CLANG_WARN_INT_CONVERSION = YES;
				CLANG_WARN_NON_LITERAL_NULL_CONVERSION = YES;
				CLANG_WARN_OBJC_LITERAL_CONVERSION = YES;
				CLANG_WARN_OBJC_ROOT_CLASS = YES_ERROR;
				CLANG_WARN_RANGE_LOOP_ANALYSIS = YES;
				CLANG_WARN_STRICT_PROTOTYPES = YES;
				CLANG_WARN_SUSPICIOUS_MOVE = YES;
				CLANG_WARN_UNGUARDED_AVAILABILITY = YES_AGGRESSIVE;
				CLANG_WARN_UNREACHABLE_CODE = YES;
				CLANG_WARN__DUPLICATE_METHOD_MATCH = YES;
				CODE_SIGN_IDENTITY = "";
				CODE_SIGN_STYLE = Automatic;
				CURRENT_PROJECT_VERSION = 1;
				DEFINES_MODULE = YES;
				DEVELOPMENT_TEAM = Y63DEDERL2;
				DYLIB_COMPATIBILITY_VERSION = 1;
				DYLIB_CURRENT_VERSION = 1;
				DYLIB_INSTALL_NAME_BASE = "@rpath";
				ENABLE_STRICT_OBJC_MSGSEND = YES;
				ENABLE_TESTABILITY = YES;
				GCC_C_LANGUAGE_STANDARD = gnu11;
				GCC_DYNAMIC_NO_PIC = NO;
				GCC_NO_COMMON_BLOCKS = YES;
				GCC_PREPROCESSOR_DEFINITIONS = (
					"DEBUG=1",
					"$(inherited)",
				);
				GCC_WARN_64_TO_32_BIT_CONVERSION = YES;
				GCC_WARN_ABOUT_RETURN_TYPE = YES_ERROR;
				GCC_WARN_UNDECLARED_SELECTOR = YES;
				GCC_WARN_UNINITIALIZED_AUTOS = YES_AGGRESSIVE;
				GCC_WARN_UNUSED_FUNCTION = YES;
				GCC_WARN_UNUSED_VARIABLE = YES;
				INFOPLIST_FILE = Runglish_tvOS/Info.plist;
				INSTALL_PATH = "$(LOCAL_LIBRARY_DIR)/Frameworks";
				LD_RUNPATH_SEARCH_PATHS = "$(inherited) @executable_path/Frameworks @loader_path/Frameworks";
				MTL_ENABLE_DEBUG_INFO = YES;
				PRODUCT_BUNDLE_IDENTIFIER = "com.rubikon.Runglish-tvOS";
				PRODUCT_NAME = "$(TARGET_NAME:c99extidentifier)";
				SDKROOT = appletvos;
				SKIP_INSTALL = YES;
				SWIFT_ACTIVE_COMPILATION_CONDITIONS = DEBUG;
				SWIFT_VERSION = 4.0;
				TARGETED_DEVICE_FAMILY = 3;
				TVOS_DEPLOYMENT_TARGET = 11.0;
				VERSIONING_SYSTEM = "apple-generic";
				VERSION_INFO_PREFIX = "";
			};
			name = Debug;
		};
		FAC4A9731F7C259300C37CE2 /* Release */ = {
			isa = XCBuildConfiguration;
			baseConfigurationReference = 789E0D25419DA111DD1C8A00 /* Pods-Runglish_tvOS.release.xcconfig */;
			buildSettings = {
				ALWAYS_SEARCH_USER_PATHS = NO;
				CLANG_ANALYZER_NONNULL = YES;
				CLANG_ANALYZER_NUMBER_OBJECT_CONVERSION = YES_AGGRESSIVE;
				CLANG_CXX_LANGUAGE_STANDARD = "gnu++14";
				CLANG_CXX_LIBRARY = "libc++";
				CLANG_ENABLE_MODULES = YES;
				CLANG_ENABLE_OBJC_ARC = YES;
				CLANG_WARN_BLOCK_CAPTURE_AUTORELEASING = YES;
				CLANG_WARN_BOOL_CONVERSION = YES;
				CLANG_WARN_COMMA = YES;
				CLANG_WARN_CONSTANT_CONVERSION = YES;
				CLANG_WARN_DIRECT_OBJC_ISA_USAGE = YES_ERROR;
				CLANG_WARN_DOCUMENTATION_COMMENTS = YES;
				CLANG_WARN_EMPTY_BODY = YES;
				CLANG_WARN_ENUM_CONVERSION = YES;
				CLANG_WARN_INFINITE_RECURSION = YES;
				CLANG_WARN_INT_CONVERSION = YES;
				CLANG_WARN_NON_LITERAL_NULL_CONVERSION = YES;
				CLANG_WARN_OBJC_LITERAL_CONVERSION = YES;
				CLANG_WARN_OBJC_ROOT_CLASS = YES_ERROR;
				CLANG_WARN_RANGE_LOOP_ANALYSIS = YES;
				CLANG_WARN_STRICT_PROTOTYPES = YES;
				CLANG_WARN_SUSPICIOUS_MOVE = YES;
				CLANG_WARN_UNGUARDED_AVAILABILITY = YES_AGGRESSIVE;
				CLANG_WARN_UNREACHABLE_CODE = YES;
				CLANG_WARN__DUPLICATE_METHOD_MATCH = YES;
				CODE_SIGN_IDENTITY = "";
				CODE_SIGN_STYLE = Automatic;
				COPY_PHASE_STRIP = NO;
				CURRENT_PROJECT_VERSION = 1;
				DEFINES_MODULE = YES;
				DEVELOPMENT_TEAM = Y63DEDERL2;
				DYLIB_COMPATIBILITY_VERSION = 1;
				DYLIB_CURRENT_VERSION = 1;
				DYLIB_INSTALL_NAME_BASE = "@rpath";
				ENABLE_NS_ASSERTIONS = NO;
				ENABLE_STRICT_OBJC_MSGSEND = YES;
				GCC_C_LANGUAGE_STANDARD = gnu11;
				GCC_NO_COMMON_BLOCKS = YES;
				GCC_WARN_64_TO_32_BIT_CONVERSION = YES;
				GCC_WARN_ABOUT_RETURN_TYPE = YES_ERROR;
				GCC_WARN_UNDECLARED_SELECTOR = YES;
				GCC_WARN_UNINITIALIZED_AUTOS = YES_AGGRESSIVE;
				GCC_WARN_UNUSED_FUNCTION = YES;
				GCC_WARN_UNUSED_VARIABLE = YES;
				INFOPLIST_FILE = Runglish_tvOS/Info.plist;
				INSTALL_PATH = "$(LOCAL_LIBRARY_DIR)/Frameworks";
				LD_RUNPATH_SEARCH_PATHS = "$(inherited) @executable_path/Frameworks @loader_path/Frameworks";
				MTL_ENABLE_DEBUG_INFO = NO;
				PRODUCT_BUNDLE_IDENTIFIER = "com.rubikon.Runglish-tvOS";
				PRODUCT_NAME = "$(TARGET_NAME:c99extidentifier)";
				SDKROOT = appletvos;
				SKIP_INSTALL = YES;
				SWIFT_OPTIMIZATION_LEVEL = "-Owholemodule";
				SWIFT_VERSION = 4.0;
				TARGETED_DEVICE_FAMILY = 3;
				TVOS_DEPLOYMENT_TARGET = 11.0;
				VALIDATE_PRODUCT = YES;
				VERSIONING_SYSTEM = "apple-generic";
				VERSION_INFO_PREFIX = "";
			};
			name = Release;
		};
		FAC4A9751F7C259300C37CE2 /* Debug */ = {
			isa = XCBuildConfiguration;
			baseConfigurationReference = 3B26F6E878361589B6FD2B09 /* Pods-Runglish_tvOSTests.debug.xcconfig */;
			buildSettings = {
				ALWAYS_EMBED_SWIFT_STANDARD_LIBRARIES = YES;
				ALWAYS_SEARCH_USER_PATHS = NO;
				CLANG_ANALYZER_NONNULL = YES;
				CLANG_ANALYZER_NUMBER_OBJECT_CONVERSION = YES_AGGRESSIVE;
				CLANG_CXX_LANGUAGE_STANDARD = "gnu++14";
				CLANG_CXX_LIBRARY = "libc++";
				CLANG_ENABLE_MODULES = YES;
				CLANG_ENABLE_OBJC_ARC = YES;
				CLANG_WARN_BLOCK_CAPTURE_AUTORELEASING = YES;
				CLANG_WARN_BOOL_CONVERSION = YES;
				CLANG_WARN_COMMA = YES;
				CLANG_WARN_CONSTANT_CONVERSION = YES;
				CLANG_WARN_DIRECT_OBJC_ISA_USAGE = YES_ERROR;
				CLANG_WARN_DOCUMENTATION_COMMENTS = YES;
				CLANG_WARN_EMPTY_BODY = YES;
				CLANG_WARN_ENUM_CONVERSION = YES;
				CLANG_WARN_INFINITE_RECURSION = YES;
				CLANG_WARN_INT_CONVERSION = YES;
				CLANG_WARN_NON_LITERAL_NULL_CONVERSION = YES;
				CLANG_WARN_OBJC_LITERAL_CONVERSION = YES;
				CLANG_WARN_OBJC_ROOT_CLASS = YES_ERROR;
				CLANG_WARN_RANGE_LOOP_ANALYSIS = YES;
				CLANG_WARN_STRICT_PROTOTYPES = YES;
				CLANG_WARN_SUSPICIOUS_MOVE = YES;
				CLANG_WARN_UNGUARDED_AVAILABILITY = YES_AGGRESSIVE;
				CLANG_WARN_UNREACHABLE_CODE = YES;
				CLANG_WARN__DUPLICATE_METHOD_MATCH = YES;
				CODE_SIGN_STYLE = Automatic;
				DEVELOPMENT_TEAM = Y63DEDERL2;
				ENABLE_STRICT_OBJC_MSGSEND = YES;
				ENABLE_TESTABILITY = YES;
				GCC_C_LANGUAGE_STANDARD = gnu11;
				GCC_DYNAMIC_NO_PIC = NO;
				GCC_NO_COMMON_BLOCKS = YES;
				GCC_PREPROCESSOR_DEFINITIONS = (
					"DEBUG=1",
					"$(inherited)",
				);
				GCC_WARN_64_TO_32_BIT_CONVERSION = YES;
				GCC_WARN_ABOUT_RETURN_TYPE = YES_ERROR;
				GCC_WARN_UNDECLARED_SELECTOR = YES;
				GCC_WARN_UNINITIALIZED_AUTOS = YES_AGGRESSIVE;
				GCC_WARN_UNUSED_FUNCTION = YES;
				GCC_WARN_UNUSED_VARIABLE = YES;
				INFOPLIST_FILE = Runglish_tvOSTests/Info.plist;
				LD_RUNPATH_SEARCH_PATHS = "$(inherited) @executable_path/Frameworks @loader_path/Frameworks";
				MTL_ENABLE_DEBUG_INFO = YES;
				PRODUCT_BUNDLE_IDENTIFIER = "com.rubikon.Runglish-tvOSTests";
				PRODUCT_NAME = "$(TARGET_NAME)";
				SDKROOT = appletvos;
				SWIFT_ACTIVE_COMPILATION_CONDITIONS = DEBUG;
				SWIFT_VERSION = 4.0;
				TARGETED_DEVICE_FAMILY = 3;
				TVOS_DEPLOYMENT_TARGET = 11.0;
			};
			name = Debug;
		};
		FAC4A9761F7C259300C37CE2 /* Release */ = {
			isa = XCBuildConfiguration;
			baseConfigurationReference = 0E9F9A238C2F211A1362345F /* Pods-Runglish_tvOSTests.release.xcconfig */;
			buildSettings = {
				ALWAYS_EMBED_SWIFT_STANDARD_LIBRARIES = YES;
				ALWAYS_SEARCH_USER_PATHS = NO;
				CLANG_ANALYZER_NONNULL = YES;
				CLANG_ANALYZER_NUMBER_OBJECT_CONVERSION = YES_AGGRESSIVE;
				CLANG_CXX_LANGUAGE_STANDARD = "gnu++14";
				CLANG_CXX_LIBRARY = "libc++";
				CLANG_ENABLE_MODULES = YES;
				CLANG_ENABLE_OBJC_ARC = YES;
				CLANG_WARN_BLOCK_CAPTURE_AUTORELEASING = YES;
				CLANG_WARN_BOOL_CONVERSION = YES;
				CLANG_WARN_COMMA = YES;
				CLANG_WARN_CONSTANT_CONVERSION = YES;
				CLANG_WARN_DIRECT_OBJC_ISA_USAGE = YES_ERROR;
				CLANG_WARN_DOCUMENTATION_COMMENTS = YES;
				CLANG_WARN_EMPTY_BODY = YES;
				CLANG_WARN_ENUM_CONVERSION = YES;
				CLANG_WARN_INFINITE_RECURSION = YES;
				CLANG_WARN_INT_CONVERSION = YES;
				CLANG_WARN_NON_LITERAL_NULL_CONVERSION = YES;
				CLANG_WARN_OBJC_LITERAL_CONVERSION = YES;
				CLANG_WARN_OBJC_ROOT_CLASS = YES_ERROR;
				CLANG_WARN_RANGE_LOOP_ANALYSIS = YES;
				CLANG_WARN_STRICT_PROTOTYPES = YES;
				CLANG_WARN_SUSPICIOUS_MOVE = YES;
				CLANG_WARN_UNGUARDED_AVAILABILITY = YES_AGGRESSIVE;
				CLANG_WARN_UNREACHABLE_CODE = YES;
				CLANG_WARN__DUPLICATE_METHOD_MATCH = YES;
				CODE_SIGN_STYLE = Automatic;
				COPY_PHASE_STRIP = NO;
				DEVELOPMENT_TEAM = Y63DEDERL2;
				ENABLE_NS_ASSERTIONS = NO;
				ENABLE_STRICT_OBJC_MSGSEND = YES;
				GCC_C_LANGUAGE_STANDARD = gnu11;
				GCC_NO_COMMON_BLOCKS = YES;
				GCC_WARN_64_TO_32_BIT_CONVERSION = YES;
				GCC_WARN_ABOUT_RETURN_TYPE = YES_ERROR;
				GCC_WARN_UNDECLARED_SELECTOR = YES;
				GCC_WARN_UNINITIALIZED_AUTOS = YES_AGGRESSIVE;
				GCC_WARN_UNUSED_FUNCTION = YES;
				GCC_WARN_UNUSED_VARIABLE = YES;
				INFOPLIST_FILE = Runglish_tvOSTests/Info.plist;
				LD_RUNPATH_SEARCH_PATHS = "$(inherited) @executable_path/Frameworks @loader_path/Frameworks";
				MTL_ENABLE_DEBUG_INFO = NO;
				PRODUCT_BUNDLE_IDENTIFIER = "com.rubikon.Runglish-tvOSTests";
				PRODUCT_NAME = "$(TARGET_NAME)";
				SDKROOT = appletvos;
				SWIFT_OPTIMIZATION_LEVEL = "-Owholemodule";
				SWIFT_VERSION = 4.0;
				TARGETED_DEVICE_FAMILY = 3;
				TVOS_DEPLOYMENT_TARGET = 11.0;
				VALIDATE_PRODUCT = YES;
			};
			name = Release;
		};
		OBJ_21 /* Debug */ = {
			isa = XCBuildConfiguration;
			buildSettings = {
				ENABLE_TESTABILITY = YES;
				FRAMEWORK_SEARCH_PATHS = (
					"$(inherited)",
					"$(PLATFORM_DIR)/Developer/Library/Frameworks",
				);
				HEADER_SEARCH_PATHS = "$(inherited)";
				INFOPLIST_FILE = Runglish.xcodeproj/Runglish_Info.plist;
				LD_RUNPATH_SEARCH_PATHS = "$(TOOLCHAIN_DIR)/usr/lib/swift/macosx";
				OTHER_LDFLAGS = "$(inherited)";
				OTHER_SWIFT_FLAGS = "$(inherited)";
				PRODUCT_BUNDLE_IDENTIFIER = Runglish;
				PRODUCT_MODULE_NAME = "$(TARGET_NAME:c99extidentifier)";
				PRODUCT_NAME = "$(TARGET_NAME:c99extidentifier)";
				SWIFT_SWIFT3_OBJC_INFERENCE = Default;
				SWIFT_VERSION = 4.0;
				TARGET_NAME = Runglish;
			};
			name = Debug;
		};
		OBJ_22 /* Release */ = {
			isa = XCBuildConfiguration;
			buildSettings = {
				ENABLE_TESTABILITY = YES;
				FRAMEWORK_SEARCH_PATHS = (
					"$(inherited)",
					"$(PLATFORM_DIR)/Developer/Library/Frameworks",
				);
				HEADER_SEARCH_PATHS = "$(inherited)";
				INFOPLIST_FILE = Runglish.xcodeproj/Runglish_Info.plist;
				LD_RUNPATH_SEARCH_PATHS = "$(TOOLCHAIN_DIR)/usr/lib/swift/macosx";
				OTHER_LDFLAGS = "$(inherited)";
				OTHER_SWIFT_FLAGS = "$(inherited)";
				PRODUCT_BUNDLE_IDENTIFIER = Runglish;
				PRODUCT_MODULE_NAME = "$(TARGET_NAME:c99extidentifier)";
				PRODUCT_NAME = "$(TARGET_NAME:c99extidentifier)";
				SWIFT_SWIFT3_OBJC_INFERENCE = Default;
				SWIFT_VERSION = 4.0;
				TARGET_NAME = Runglish;
			};
			name = Release;
		};
		OBJ_3 /* Debug */ = {
			isa = XCBuildConfiguration;
			buildSettings = {
				CLANG_WARN_BLOCK_CAPTURE_AUTORELEASING = YES;
				CLANG_WARN_BOOL_CONVERSION = YES;
				CLANG_WARN_COMMA = YES;
				CLANG_WARN_CONSTANT_CONVERSION = YES;
				CLANG_WARN_EMPTY_BODY = YES;
				CLANG_WARN_ENUM_CONVERSION = YES;
				CLANG_WARN_INFINITE_RECURSION = YES;
				CLANG_WARN_INT_CONVERSION = YES;
				CLANG_WARN_NON_LITERAL_NULL_CONVERSION = YES;
				CLANG_WARN_OBJC_LITERAL_CONVERSION = YES;
				CLANG_WARN_RANGE_LOOP_ANALYSIS = YES;
				CLANG_WARN_STRICT_PROTOTYPES = YES;
				CLANG_WARN_SUSPICIOUS_MOVE = YES;
				CLANG_WARN_UNREACHABLE_CODE = YES;
				CLANG_WARN__DUPLICATE_METHOD_MATCH = YES;
				COMBINE_HIDPI_IMAGES = YES;
				COPY_PHASE_STRIP = NO;
				DEBUG_INFORMATION_FORMAT = dwarf;
				DYLIB_INSTALL_NAME_BASE = "@rpath";
				ENABLE_NS_ASSERTIONS = YES;
				ENABLE_STRICT_OBJC_MSGSEND = YES;
				ENABLE_TESTABILITY = YES;
				GCC_NO_COMMON_BLOCKS = YES;
				GCC_OPTIMIZATION_LEVEL = 0;
				GCC_WARN_64_TO_32_BIT_CONVERSION = YES;
				GCC_WARN_ABOUT_RETURN_TYPE = YES;
				GCC_WARN_UNDECLARED_SELECTOR = YES;
				GCC_WARN_UNINITIALIZED_AUTOS = YES;
				GCC_WARN_UNUSED_FUNCTION = YES;
				GCC_WARN_UNUSED_VARIABLE = YES;
				IPHONEOS_DEPLOYMENT_TARGET = 10.3;
				MACOSX_DEPLOYMENT_TARGET = 10.10;
				ONLY_ACTIVE_ARCH = YES;
				OTHER_SWIFT_FLAGS = "-DXcode";
				PRODUCT_NAME = "$(TARGET_NAME)";
				SDKROOT = iphoneos;
				SUPPORTED_PLATFORMS = "macosx iphoneos iphonesimulator appletvos appletvsimulator watchos watchsimulator";
				SWIFT_ACTIVE_COMPILATION_CONDITIONS = SWIFT_PACKAGE;
				SWIFT_OPTIMIZATION_LEVEL = "-Onone";
				SWIFT_VERSION = 4.0;
				USE_HEADERMAP = NO;
			};
			name = Debug;
		};
		OBJ_30 /* Debug */ = {
			isa = XCBuildConfiguration;
			buildSettings = {
				ALWAYS_EMBED_SWIFT_STANDARD_LIBRARIES = YES;
				FRAMEWORK_SEARCH_PATHS = (
					"$(inherited)",
					"$(PLATFORM_DIR)/Developer/Library/Frameworks",
				);
				HEADER_SEARCH_PATHS = "$(inherited)";
				INFOPLIST_FILE = Runglish.xcodeproj/RunglishTests_Info.plist;
				LD_RUNPATH_SEARCH_PATHS = "@loader_path/../Frameworks";
				OTHER_LDFLAGS = "$(inherited)";
				OTHER_SWIFT_FLAGS = "$(inherited)";
				SWIFT_SWIFT3_OBJC_INFERENCE = Default;
				SWIFT_VERSION = 4.0;
				TARGET_NAME = RunglishTests;
			};
			name = Debug;
		};
		OBJ_31 /* Release */ = {
			isa = XCBuildConfiguration;
			buildSettings = {
				ALWAYS_EMBED_SWIFT_STANDARD_LIBRARIES = YES;
				FRAMEWORK_SEARCH_PATHS = (
					"$(inherited)",
					"$(PLATFORM_DIR)/Developer/Library/Frameworks",
				);
				HEADER_SEARCH_PATHS = "$(inherited)";
				INFOPLIST_FILE = Runglish.xcodeproj/RunglishTests_Info.plist;
				LD_RUNPATH_SEARCH_PATHS = "@loader_path/../Frameworks";
				OTHER_LDFLAGS = "$(inherited)";
				OTHER_SWIFT_FLAGS = "$(inherited)";
				SWIFT_SWIFT3_OBJC_INFERENCE = Default;
				SWIFT_VERSION = 4.0;
				TARGET_NAME = RunglishTests;
			};
			name = Release;
		};
		OBJ_4 /* Release */ = {
			isa = XCBuildConfiguration;
			buildSettings = {
				CLANG_WARN_BLOCK_CAPTURE_AUTORELEASING = YES;
				CLANG_WARN_BOOL_CONVERSION = YES;
				CLANG_WARN_COMMA = YES;
				CLANG_WARN_CONSTANT_CONVERSION = YES;
				CLANG_WARN_EMPTY_BODY = YES;
				CLANG_WARN_ENUM_CONVERSION = YES;
				CLANG_WARN_INFINITE_RECURSION = YES;
				CLANG_WARN_INT_CONVERSION = YES;
				CLANG_WARN_NON_LITERAL_NULL_CONVERSION = YES;
				CLANG_WARN_OBJC_LITERAL_CONVERSION = YES;
				CLANG_WARN_RANGE_LOOP_ANALYSIS = YES;
				CLANG_WARN_STRICT_PROTOTYPES = YES;
				CLANG_WARN_SUSPICIOUS_MOVE = YES;
				CLANG_WARN_UNREACHABLE_CODE = YES;
				CLANG_WARN__DUPLICATE_METHOD_MATCH = YES;
				COMBINE_HIDPI_IMAGES = YES;
				COPY_PHASE_STRIP = YES;
				DEBUG_INFORMATION_FORMAT = "dwarf-with-dsym";
				DYLIB_INSTALL_NAME_BASE = "@rpath";
				ENABLE_STRICT_OBJC_MSGSEND = YES;
				GCC_NO_COMMON_BLOCKS = YES;
				GCC_OPTIMIZATION_LEVEL = s;
				GCC_WARN_64_TO_32_BIT_CONVERSION = YES;
				GCC_WARN_ABOUT_RETURN_TYPE = YES;
				GCC_WARN_UNDECLARED_SELECTOR = YES;
				GCC_WARN_UNINITIALIZED_AUTOS = YES;
				GCC_WARN_UNUSED_FUNCTION = YES;
				GCC_WARN_UNUSED_VARIABLE = YES;
				IPHONEOS_DEPLOYMENT_TARGET = 10.3;
				MACOSX_DEPLOYMENT_TARGET = 10.10;
				OTHER_SWIFT_FLAGS = "-DXcode";
				PRODUCT_NAME = "$(TARGET_NAME)";
				SDKROOT = iphoneos;
				SUPPORTED_PLATFORMS = "macosx iphoneos iphonesimulator appletvos appletvsimulator watchos watchsimulator";
				SWIFT_ACTIVE_COMPILATION_CONDITIONS = SWIFT_PACKAGE;
				SWIFT_OPTIMIZATION_LEVEL = "-Owholemodule";
				SWIFT_VERSION = 4.0;
				USE_HEADERMAP = NO;
			};
			name = Release;
		};
/* End XCBuildConfiguration section */

/* Begin XCConfigurationList section */
		FAA1243A1FA3941400CA1DE2 /* Build configuration list for PBXNativeTarget "Runglish_macOS" */ = {
			isa = XCConfigurationList;
			buildConfigurations = (
				FAA1243B1FA3941400CA1DE2 /* Debug */,
				FAA1243C1FA3941400CA1DE2 /* Release */,
			);
			defaultConfigurationIsVisible = 0;
			defaultConfigurationName = Debug;
		};
		FAA1243D1FA3941400CA1DE2 /* Build configuration list for PBXNativeTarget "Runglish_macOSTests" */ = {
			isa = XCConfigurationList;
			buildConfigurations = (
				FAA1243E1FA3941400CA1DE2 /* Debug */,
				FAA1243F1FA3941400CA1DE2 /* Release */,
			);
			defaultConfigurationIsVisible = 0;
			defaultConfigurationName = Debug;
		};
		FAC4A9591F7C251900C37CE2 /* Build configuration list for PBXNativeTarget "Runglish_iOS" */ = {
			isa = XCConfigurationList;
			buildConfigurations = (
				FAC4A9551F7C251900C37CE2 /* Debug */,
				FAC4A9561F7C251900C37CE2 /* Release */,
			);
			defaultConfigurationIsVisible = 0;
			defaultConfigurationName = Debug;
		};
		FAC4A95A1F7C251900C37CE2 /* Build configuration list for PBXNativeTarget "Runglish_iOSTests" */ = {
			isa = XCConfigurationList;
			buildConfigurations = (
				FAC4A9571F7C251900C37CE2 /* Debug */,
				FAC4A9581F7C251900C37CE2 /* Release */,
			);
			defaultConfigurationIsVisible = 0;
			defaultConfigurationName = Debug;
		};
		FAC4A9711F7C259300C37CE2 /* Build configuration list for PBXNativeTarget "Runglish_tvOS" */ = {
			isa = XCConfigurationList;
			buildConfigurations = (
				FAC4A9721F7C259300C37CE2 /* Debug */,
				FAC4A9731F7C259300C37CE2 /* Release */,
			);
			defaultConfigurationIsVisible = 0;
			defaultConfigurationName = Debug;
		};
		FAC4A9741F7C259300C37CE2 /* Build configuration list for PBXNativeTarget "Runglish_tvOSTests" */ = {
			isa = XCConfigurationList;
			buildConfigurations = (
				FAC4A9751F7C259300C37CE2 /* Debug */,
				FAC4A9761F7C259300C37CE2 /* Release */,
			);
			defaultConfigurationIsVisible = 0;
			defaultConfigurationName = Debug;
		};
		OBJ_2 /* Build configuration list for PBXProject "Runglish" */ = {
			isa = XCConfigurationList;
			buildConfigurations = (
				OBJ_3 /* Debug */,
				OBJ_4 /* Release */,
			);
			defaultConfigurationIsVisible = 0;
			defaultConfigurationName = Debug;
		};
		OBJ_20 /* Build configuration list for PBXNativeTarget "Runglish" */ = {
			isa = XCConfigurationList;
			buildConfigurations = (
				OBJ_21 /* Debug */,
				OBJ_22 /* Release */,
			);
			defaultConfigurationIsVisible = 0;
			defaultConfigurationName = Debug;
		};
		OBJ_29 /* Build configuration list for PBXNativeTarget "RunglishTests" */ = {
			isa = XCConfigurationList;
			buildConfigurations = (
				OBJ_30 /* Debug */,
				OBJ_31 /* Release */,
			);
			defaultConfigurationIsVisible = 0;
			defaultConfigurationName = Debug;
		};
/* End XCConfigurationList section */
	};
	rootObject = OBJ_1 /* Project object */;
}
